<?xml version="1.0" encoding="utf-8"?>
<Project ToolsVersion="4.0" xmlns="http://schemas.microsoft.com/developer/msbuild/2003">
  <ItemGroup>
    <ClCompile Include="..\physfs.c" />
    <ClCompile Include="..\physfs_byteorder.c" />
    <ClCompile Include="..\physfs_unicode.c" />
    <ClCompile Include="..\archivers\dir.c">
      <Filter>archivers</Filter>
    </ClCompile>
    <ClCompile Include="..\archivers\grp.c">
      <Filter>archivers</Filter>
    </ClCompile>
    <ClCompile Include="..\archivers\hog.c">
      <Filter>archivers</Filter>
    </ClCompile>
    <ClCompile Include="..\archivers\lzma.c">
      <Filter>archivers</Filter>
    </ClCompile>
    <ClCompile Include="..\archivers\mvl.c">
      <Filter>archivers</Filter>
    </ClCompile>
    <ClCompile Include="..\archivers\qpak.c">
      <Filter>archivers</Filter>
    </ClCompile>
    <ClCompile Include="..\archivers\wad.c">
      <Filter>archivers</Filter>
    </ClCompile>
    <ClCompile Include="..\archivers\zip.c">
      <Filter>archivers</Filter>
    </ClCompile>
    <ClCompile Include="..\platform\windows.c">
      <Filter>platform</Filter>
    </ClCompile>
    <ClCompile Include="..\zlib123\adler32.c">
      <Filter>zlib123</Filter>
    </ClCompile>
    <ClCompile Include="..\zlib123\compress.c">
      <Filter>zlib123</Filter>
    </ClCompile>
    <ClCompile Include="..\zlib123\crc32.c">
      <Filter>zlib123</Filter>
    </ClCompile>
    <ClCompile Include="..\zlib123\deflate.c">
      <Filter>zlib123</Filter>
    </ClCompile>
    <ClCompile Include="..\zlib123\gzio.c">
      <Filter>zlib123</Filter>
    </ClCompile>
    <ClCompile Include="..\zlib123\infback.c">
      <Filter>zlib123</Filter>
    </ClCompile>
    <ClCompile Include="..\zlib123\inffast.c">
      <Filter>zlib123</Filter>
    </ClCompile>
    <ClCompile Include="..\zlib123\inflate.c">
      <Filter>zlib123</Filter>
    </ClCompile>
    <ClCompile Include="..\zlib123\inftrees.c">
      <Filter>zlib123</Filter>
    </ClCompile>
    <ClCompile Include="..\zlib123\trees.c">
      <Filter>zlib123</Filter>
    </ClCompile>
    <ClCompile Include="..\zlib123\uncompr.c">
      <Filter>zlib123</Filter>
    </ClCompile>
    <ClCompile Include="..\zlib123\zutil.c">
      <Filter>zlib123</Filter>
    </ClCompile>
  </ItemGroup>
  <ItemGroup>
    <ClInclude Include="..\physfs.h" />
    <ClInclude Include="..\physfs_casefolding.h" />
    <ClInclude Include="..\physfs_internal.h" />
    <ClInclude Include="..\physfs_platforms.h" />
    <ClInclude Include="..\zlib123\crc32.h">
      <Filter>zlib123</Filter>
    </ClInclude>
    <ClInclude Include="..\zlib123\deflate.h">
      <Filter>zlib123</Filter>
    </ClInclude>
    <ClInclude Include="..\zlib123\inffast.h">
      <Filter>zlib123</Filter>
    </ClInclude>
    <ClInclude Include="..\zlib123\inffixed.h">
      <Filter>zlib123</Filter>
    </ClInclude>
    <ClInclude Include="..\zlib123\inflate.h">
      <Filter>zlib123</Filter>
    </ClInclude>
    <ClInclude Include="..\zlib123\inftrees.h">
      <Filter>zlib123</Filter>
    </ClInclude>
    <ClInclude Include="..\zlib123\trees.h">
      <Filter>zlib123</Filter>
    </ClInclude>
    <ClInclude Include="..\zlib123\zconf.h">
      <Filter>zlib123</Filter>
    </ClInclude>
    <ClInclude Include="..\zlib123\zlib.h">
      <Filter>zlib123</Filter>
    </ClInclude>
    <ClInclude Include="..\zlib123\zutil.h">
      <Filter>zlib123</Filter>
    </ClInclude>
  </ItemGroup>
  <ItemGroup>
    <Filter Include="archivers">
      <UniqueIdentifier>{2140d666-961a-4a94-a9ea-cab08d256883}</UniqueIdentifier>
    </Filter>
    <Filter Include="platform">
      <UniqueIdentifier>{78fe5910-9be7-40ee-99c3-1052322b1ed6}</UniqueIdentifier>
    </Filter>
    <Filter Include="zlib123">
      <UniqueIdentifier>{2d29416e-5073-474f-bc4c-82c98542c6a1}</UniqueIdentifier>
    </Filter>
  </ItemGroup>
</Project>