<?xml version="1.0" encoding="UTF-8"?>
<Scheme
   LastUpgradeVersion = "1130"
   version = "1.3">
   <BuildAction
      parallelizeBuildables = "YES"
      buildImplicitDependencies = "YES">
      <BuildActionEntries>
         <BuildActionEntry
            buildForTesting = "YES"
            buildForRunning = "YES"
            buildForProfiling = "YES"
            buildForArchiving = "YES"
            buildForAnalyzing = "YES">
            <BuildableReference
               BuildableIdentifier = "primary"
               BlueprintIdentifier = "CE80FD861C5E3B6F00A21A51"
               BuildableName = "quemap"
               BlueprintName = "quemap"
               ReferencedContainer = "container:Quetoo.xcodeproj">
            </BuildableReference>
         </BuildActionEntry>
      </BuildActionEntries>
   </BuildAction>
   <TestAction
      buildConfiguration = "Debug"
      selectedDebuggerIdentifier = "Xcode.DebuggerFoundation.Debugger.LLDB"
      selectedLauncherIdentifier = "Xcode.DebuggerFoundation.Launcher.LLDB"
      shouldUseLaunchSchemeArgsEnv = "YES">
      <MacroExpansion>
         <BuildableReference
            BuildableIdentifier = "primary"
            BlueprintIdentifier = "CE80FD861C5E3B6F00A21A51"
            BuildableName = "quemap"
            BlueprintName = "quemap"
            ReferencedContainer = "container:Quetoo.xcodeproj">
         </BuildableReference>
      </MacroExpansion>
      <Testables>
      </Testables>
   </TestAction>
   <LaunchAction
      buildConfiguration = "Debug"
      selectedDebuggerIdentifier = "Xcode.DebuggerFoundation.Debugger.LLDB"
      selectedLauncherIdentifier = "Xcode.DebuggerFoundation.Launcher.LLDB"
      launchStyle = "0"
      useCustomWorkingDirectory = "NO"
      ignoresPersistentStateOnLaunch = "NO"
      debugDocumentVersioning = "YES"
      debugServiceExtension = "internal"
      allowLocationSimulation = "YES">
      <BuildableProductRunnable
         runnableDebuggingMode = "0">
         <BuildableReference
            BuildableIdentifier = "primary"
            BlueprintIdentifier = "CE80FD861C5E3B6F00A21A51"
            BuildableName = "quemap"
            BlueprintName = "quemap"
            ReferencedContainer = "container:Quetoo.xcodeproj">
         </BuildableReference>
      </BuildableProductRunnable>
      <CommandLineArguments>
         <CommandLineArgument
            argument = "--threads -1"
            isEnabled = "NO">
         </CommandLineArgument>
         <CommandLineArgument
            argument = "--verbose"
            isEnabled = "NO">
         </CommandLineArgument>
         <CommandLineArgument
            argument = "-mat"
            isEnabled = "NO">
         </CommandLineArgument>
         <CommandLineArgument
            argument = "-bsp --only-ents"
            isEnabled = "NO">
         </CommandLineArgument>
         <CommandLineArgument
            argument = "-bsp"
            isEnabled = "YES">
         </CommandLineArgument>
         <CommandLineArgument
            argument = "-bsp --no-prune --no-tjunc"
            isEnabled = "NO">
         </CommandLineArgument>
         <CommandLineArgument
            argument = "-bsp --no-merge"
            isEnabled = "NO">
         </CommandLineArgument>
         <CommandLineArgument
            argument = "-bsp --no-detail"
            isEnabled = "NO">
         </CommandLineArgument>
         <CommandLineArgument
            argument = "-vis --fast"
            isEnabled = "NO">
         </CommandLineArgument>
         <CommandLineArgument
            argument = "-vis"
            isEnabled = "YES">
         </CommandLineArgument>
         <CommandLineArgument
            argument = "-light"
            isEnabled = "NO">
         </CommandLineArgument>
         <CommandLineArgument
            argument = "-light --indirect"
            isEnabled = "YES">
         </CommandLineArgument>
         <CommandLineArgument
            argument = "-light --antialias --indirect"
            isEnabled = "NO">
         </CommandLineArgument>
         <CommandLineArgument
            argument = "-zip"
            isEnabled = "NO">
         </CommandLineArgument>
         <CommandLineArgument
            argument = "maps/jgothic.map"
            isEnabled = "NO">
         </CommandLineArgument>
         <CommandLineArgument
            argument = "maps/lightgrid.map"
            isEnabled = "NO">
         </CommandLineArgument>
         <CommandLineArgument
            argument = "maps/torn.map"
            isEnabled = "YES">
         </CommandLineArgument>
         <CommandLineArgument
            argument = "maps/wake.map"
            isEnabled = "NO">
         </CommandLineArgument>
      </CommandLineArguments>
   </LaunchAction>
   <ProfileAction
      buildConfiguration = "Release"
      shouldUseLaunchSchemeArgsEnv = "YES"
      savedToolIdentifier = ""
      useCustomWorkingDirectory = "NO"
      debugDocumentVersioning = "YES">
      <BuildableProductRunnable
         runnableDebuggingMode = "0">
         <BuildableReference
            BuildableIdentifier = "primary"
            BlueprintIdentifier = "CE80FD861C5E3B6F00A21A51"
            BuildableName = "quemap"
            BlueprintName = "quemap"
            ReferencedContainer = "container:Quetoo.xcodeproj">
         </BuildableReference>
      </BuildableProductRunnable>
   </ProfileAction>
   <AnalyzeAction
      buildConfiguration = "Debug">
   </AnalyzeAction>
   <ArchiveAction
      buildConfiguration = "Release"
      revealArchiveInOrganizer = "YES">
   </ArchiveAction>
</Scheme>
