<?xml version="1.0" encoding="UTF-8"?>
<Scheme
   LastUpgradeVersion = "1010"
   version = "1.3">
   <BuildAction
      parallelizeBuildables = "YES"
      buildImplicitDependencies = "YES">
      <BuildActionEntries>
         <BuildActionEntry
            buildForTesting = "NO"
            buildForRunning = "YES"
            buildForProfiling = "NO"
            buildForArchiving = "YES"
            buildForAnalyzing = "YES">
            <BuildableReference
               BuildableIdentifier = "primary"
               BlueprintIdentifier = "CEA029B31C5E545B00341079"
               BuildableName = "quetoo-all"
               BlueprintName = "quetoo-all"
               ReferencedContainer = "container:Quetoo.xcodeproj">
            </BuildableReference>
         </BuildActionEntry>
      </BuildActionEntries>
   </BuildAction>
   <TestAction
      buildConfiguration = "Debug"
      selectedDebuggerIdentifier = "Xcode.DebuggerFoundation.Debugger.LLDB"
      selectedLauncherIdentifier = "Xcode.DebuggerFoundation.Launcher.LLDB"
      shouldUseLaunchSchemeArgsEnv = "YES">
      <Testables>
      </Testables>
      <MacroExpansion>
         <BuildableReference
            BuildableIdentifier = "primary"
            BlueprintIdentifier = "CE12D7341C5C5B9300CD0B13"
            BuildableName = "quetoo"
            BlueprintName = "quetoo"
            ReferencedContainer = "container:Quetoo.xcodeproj">
         </BuildableReference>
      </MacroExpansion>
      <AdditionalOptions>
      </AdditionalOptions>
   </TestAction>
   <LaunchAction
      buildConfiguration = "Debug"
      selectedDebuggerIdentifier = "Xcode.DebuggerFoundation.Debugger.LLDB"
      selectedLauncherIdentifier = "Xcode.DebuggerFoundation.Launcher.LLDB"
      launchStyle = "0"
      useCustomWorkingDirectory = "NO"
      ignoresPersistentStateOnLaunch = "NO"
      debugDocumentVersioning = "YES"
      debugServiceExtension = "internal"
      allowLocationSimulation = "YES">
      <BuildableProductRunnable
         runnableDebuggingMode = "0">
         <BuildableReference
            BuildableIdentifier = "primary"
            BlueprintIdentifier = "CE12D7341C5C5B9300CD0B13"
            BuildableName = "quetoo"
            BlueprintName = "quetoo"
            ReferencedContainer = "container:Quetoo.xcodeproj">
         </BuildableReference>
      </BuildableProductRunnable>
      <CommandLineArguments>
         <CommandLineArgument
            argument = "-p $BUILT_PRODUCTS_DIR"
            isEnabled = "YES">
         </CommandLineArgument>
         <CommandLineArgument
            argument = "+set r_fullscreen 0 +set r_width 1280 +set r_height 800 +set r_display 0"
            isEnabled = "YES">
         </CommandLineArgument>
         <CommandLineArgument
            argument = "+set r_fullscreen 1 +set r_width 0 +set r_height 0 +set r_display 1"
            isEnabled = "NO">
         </CommandLineArgument>
         <CommandLineArgument
            argument = "+set r_draw_bsp_lightmaps 1 +set r_texture_mode GL_NEAREST"
            isEnabled = "NO">
         </CommandLineArgument>
         <CommandLineArgument
            argument = "+map edge +set g_cheats 1 +set ai_ann 1 +give all +god +g_ai_add +debug ai"
            isEnabled = "NO">
         </CommandLineArgument>
         <CommandLineArgument
            argument = "+map torn +set g_cheats 1 +no_clip +set r_draw_wireframe 1"
            isEnabled = "YES">
         </CommandLineArgument>
      </CommandLineArguments>
      <AdditionalOptions>
      </AdditionalOptions>
   </LaunchAction>
   <ProfileAction
      buildConfiguration = "Release"
      shouldUseLaunchSchemeArgsEnv = "YES"
      savedToolIdentifier = ""
      useCustomWorkingDirectory = "NO"
      debugDocumentVersioning = "YES">
      <MacroExpansion>
         <BuildableReference
            BuildableIdentifier = "primary"
            BlueprintIdentifier = "CEA029B31C5E545B00341079"
            BuildableName = "quetoo-all"
            BlueprintName = "quetoo-all"
            ReferencedContainer = "container:Quetoo.xcodeproj">
         </BuildableReference>
      </MacroExpansion>
   </ProfileAction>
   <AnalyzeAction
      buildConfiguration = "Debug">
   </AnalyzeAction>
   <ArchiveAction
      buildConfiguration = "Release"
      revealArchiveInOrganizer = "YES">
   </ArchiveAction>
</Scheme>
