<?xml version="1.0" encoding="UTF-8"?>
<Scheme
   LastUpgradeVersion = "1430"
   version = "1.3">
   <BuildAction
      parallelizeBuildables = "YES"
      buildImplicitDependencies = "YES">
      <BuildActionEntries>
         <BuildActionEntry
            buildForTesting = "NO"
            buildForRunning = "YES"
            buildForProfiling = "NO"
            buildForArchiving = "YES"
            buildForAnalyzing = "YES">
            <BuildableReference
               BuildableIdentifier = "primary"
               BlueprintIdentifier = "CEA029B31C5E545B00341079"
               BuildableName = "quetoo-all"
               BlueprintName = "quetoo-all"
               ReferencedContainer = "container:Quetoo.xcodeproj">
            </BuildableReference>
         </BuildActionEntry>
      </BuildActionEntries>
   </BuildAction>
   <TestAction
      buildConfiguration = "Debug"
      selectedDebuggerIdentifier = "Xcode.DebuggerFoundation.Debugger.LLDB"
      selectedLauncherIdentifier = "Xcode.DebuggerFoundation.Launcher.LLDB"
      shouldUseLaunchSchemeArgsEnv = "YES">
      <MacroExpansion>
         <BuildableReference
            BuildableIdentifier = "primary"
            BlueprintIdentifier = "CE12D7341C5C5B9300CD0B13"
            BuildableName = "quetoo"
            BlueprintName = "quetoo"
            ReferencedContainer = "container:Quetoo.xcodeproj">
         </BuildableReference>
      </MacroExpansion>
      <Testables>
      </Testables>
   </TestAction>
   <LaunchAction
      buildConfiguration = "Debug"
      selectedDebuggerIdentifier = "Xcode.DebuggerFoundation.Debugger.LLDB"
      selectedLauncherIdentifier = "Xcode.DebuggerFoundation.Launcher.LLDB"
      launchStyle = "0"
      useCustomWorkingDirectory = "NO"
      ignoresPersistentStateOnLaunch = "NO"
      debugDocumentVersioning = "YES"
      debugServiceExtension = "internal"
      allowLocationSimulation = "YES">
      <BuildableProductRunnable
         runnableDebuggingMode = "0">
         <BuildableReference
            BuildableIdentifier = "primary"
            BlueprintIdentifier = "CE12D7341C5C5B9300CD0B13"
            BuildableName = "quetoo"
            BlueprintName = "quetoo"
            ReferencedContainer = "container:Quetoo.xcodeproj">
         </BuildableReference>
      </BuildableProductRunnable>
      <CommandLineArguments>
         <CommandLineArgument
            argument = "-p $BUILT_PRODUCTS_DIR"
            isEnabled = "YES">
         </CommandLineArgument>
         <CommandLineArgument
            argument = "+set r_fullscreen 0 +set r_width 1920 +set r_height 1080 +set r_display 1 +set r_allow_high_dpi 1"
            isEnabled = "NO">
         </CommandLineArgument>
         <CommandLineArgument
            argument = "+set r_draw_bsp_lightmap 1 +set r_texture_mode GL_NEAREST"
            isEnabled = "NO">
         </CommandLineArgument>
         <CommandLineArgument
            argument = "+set r_draw_wireframe 1 +set r_clear 1 +set cl_draw_renderer_stats 1"
            isEnabled = "NO">
         </CommandLineArgument>
         <CommandLineArgument
            argument = "+set r_draw_bsp_lightgrid 0 +set r_draw_bsp_lightmap 2"
            isEnabled = "NO">
         </CommandLineArgument>
         <CommandLineArgument
            argument = "+set r_draw_bsp_normals 1"
            isEnabled = "NO">
         </CommandLineArgument>
         <CommandLineArgument
            argument = "+set r_draw_entity_bounds 2 +set r_cull 0"
            isEnabled = "NO">
         </CommandLineArgument>
         <CommandLineArgument
            argument = "+set r_draw_occlusion_queries 1"
            isEnabled = "NO">
         </CommandLineArgument>
         <CommandLineArgument
            argument = "+set r_texture_storage 0"
            isEnabled = "NO">
         </CommandLineArgument>
         <CommandLineArgument
            argument = "+set r_get_error 2"
            isEnabled = "YES">
         </CommandLineArgument>
         <CommandLineArgument
            argument = "+set s_ambient_volume 0"
            isEnabled = "NO">
         </CommandLineArgument>
         <CommandLineArgument
            argument = "+set s_get_error 2 +set cl_draw_sound_stats 1"
            isEnabled = "NO">
         </CommandLineArgument>
         <CommandLineArgument
            argument = "+set revision -1"
            isEnabled = "YES">
         </CommandLineArgument>
         <CommandLineArgument
            argument = "+debug game"
            isEnabled = "NO">
         </CommandLineArgument>
         <CommandLineArgument
            argument = "+set sv_max_clients 32 +map pits"
            isEnabled = "YES">
         </CommandLineArgument>
         <CommandLineArgument
            argument = "+set g_gameplay arena +set g_teams 1 +set g_rounds 1 +g_ai_add 1"
            isEnabled = "NO">
         </CommandLineArgument>
         <CommandLineArgument
            argument = "+set g_cheats 1 +give all +god +no_clip"
            isEnabled = "YES">
         </CommandLineArgument>
         <CommandLineArgument
            argument = "+g_ai_add 16"
            isEnabled = "NO">
         </CommandLineArgument>
         <CommandLineArgument
            argument = "+set cl_draw_renderer_stats 1"
            isEnabled = "YES">
         </CommandLineArgument>
         <CommandLineArgument
            argument = "+set cl_editor 1"
            isEnabled = "NO">
         </CommandLineArgument>
      </CommandLineArguments>
   </LaunchAction>
   <ProfileAction
      buildConfiguration = "Release"
      shouldUseLaunchSchemeArgsEnv = "YES"
      savedToolIdentifier = ""
      useCustomWorkingDirectory = "NO"
      debugDocumentVersioning = "YES">
      <MacroExpansion>
         <BuildableReference
            BuildableIdentifier = "primary"
            BlueprintIdentifier = "CEA029B31C5E545B00341079"
            BuildableName = "quetoo-all"
            BlueprintName = "quetoo-all"
            ReferencedContainer = "container:Quetoo.xcodeproj">
         </BuildableReference>
      </MacroExpansion>
   </ProfileAction>
   <AnalyzeAction
      buildConfiguration = "Debug">
   </AnalyzeAction>
   <ArchiveAction
      buildConfiguration = "Release"
      revealArchiveInOrganizer = "YES">
   </ArchiveAction>
</Scheme>
