<?xml version="1.0" encoding="utf-8"?>
<Project ToolsVersion="4.0" xmlns="http://schemas.microsoft.com/developer/msbuild/2003">
  <ItemGroup>
    <None Include="ai.def" />
  </ItemGroup>
  <ItemGroup>
    <Filter Include="src">
      <UniqueIdentifier>{c23aacef-e2ac-485f-925f-b288a5ac2350}</UniqueIdentifier>
    </Filter>
    <Filter Include="src\default">
      <UniqueIdentifier>{78f1ccb6-0a7f-49b3-886c-d02895750b07}</UniqueIdentifier>
    </Filter>
  </ItemGroup>
  <ItemGroup>
    <ClInclude Include="..\src\ai\ai.h">
      <Filter>src</Filter>
    </ClInclude>
    <ClInclude Include="..\src\ai\default\ai_goal.h">
      <Filter>src\default</Filter>
    </ClInclude>
    <ClInclude Include="..\src\ai\default\ai_local.h">
      <Filter>src\default</Filter>
    </ClInclude>
    <ClInclude Include="..\src\ai\default\ai_main.h">
      <Filter>src\default</Filter>
    </ClInclude>
    <ClInclude Include="..\src\ai\default\ai_types.h">
      <Filter>src\default</Filter>
    </ClInclude>
    <ClInclude Include="..\src\ai\default\ai_item.h">
      <Filter>src\default</Filter>
    </ClInclude>
    <ClInclude Include="..\src\ai\default\ai_info.h">
      <Filter>src\default</Filter>
    </ClInclude>
  </ItemGroup>
  <ItemGroup>
    <ClCompile Include="..\src\ai\default\ai_goal.c">
      <Filter>src\default</Filter>
    </ClCompile>
    <ClCompile Include="..\src\ai\default\ai_main.c">
      <Filter>src\default</Filter>
    </ClCompile>
    <ClCompile Include="..\src\ai\default\ai_item.c">
      <Filter>src\default</Filter>
    </ClCompile>
    <ClCompile Include="..\src\ai\default\ai_info.c">
      <Filter>src\default</Filter>
    </ClCompile>
  </ItemGroup>
</Project>