<?xml version="1.0" encoding="utf-8"?>
<Project ToolsVersion="4.0" xmlns="http://schemas.microsoft.com/developer/msbuild/2003">
  <ItemGroup>
    <Filter Include="src">
      <UniqueIdentifier>{3583a5f6-9733-4a0c-9019-f0da06fa5005}</UniqueIdentifier>
    </Filter>
    <Filter Include="src\default">
      <UniqueIdentifier>{22a307e3-b412-427c-9e06-d1c0c9d67c2a}</UniqueIdentifier>
    </Filter>
    <Filter Include="src\default\ui">
      <UniqueIdentifier>{b7dbc9d8-ecd5-47ca-b9ac-ac71de400fd9}</UniqueIdentifier>
    </Filter>
    <Filter Include="src\default\ui\common">
      <UniqueIdentifier>{9dccc4fc-0c8a-4402-96ff-7e91455c26f4}</UniqueIdentifier>
    </Filter>
    <Filter Include="src\default\ui\info">
      <UniqueIdentifier>{c9c2561c-2bed-4cdf-aaad-e940af1bf581}</UniqueIdentifier>
    </Filter>
    <Filter Include="src\default\ui\main">
      <UniqueIdentifier>{fd5484cf-33be-4abc-b1fd-27530c456657}</UniqueIdentifier>
    </Filter>
    <Filter Include="src\default\ui\play">
      <UniqueIdentifier>{21d67b18-8f14-4d73-9f5f-d88954a4dc90}</UniqueIdentifier>
    </Filter>
    <Filter Include="src\default\ui\settings">
      <UniqueIdentifier>{16f7507d-4f79-4d87-ac06-7addb6c2237d}</UniqueIdentifier>
    </Filter>
    <Filter Include="src\default\ui\controls">
      <UniqueIdentifier>{9857244c-6a1e-474f-92fa-6d9acfb03cbb}</UniqueIdentifier>
    </Filter>
  </ItemGroup>
  <ItemGroup>
    <ClInclude Include="..\src\cgame\cgame.h">
      <Filter>src</Filter>
    </ClInclude>
    <ClInclude Include="..\src\cgame\default\cg_client.h">
      <Filter>src\default</Filter>
    </ClInclude>
    <ClInclude Include="..\src\cgame\default\cg_effect.h">
      <Filter>src\default</Filter>
    </ClInclude>
    <ClInclude Include="..\src\cgame\default\cg_emit.h">
      <Filter>src\default</Filter>
    </ClInclude>
    <ClInclude Include="..\src\cgame\default\cg_entity.h">
      <Filter>src\default</Filter>
    </ClInclude>
    <ClInclude Include="..\src\cgame\default\cg_entity_effect.h">
      <Filter>src\default</Filter>
    </ClInclude>
    <ClInclude Include="..\src\cgame\default\cg_entity_event.h">
      <Filter>src\default</Filter>
    </ClInclude>
    <ClInclude Include="..\src\cgame\default\cg_entity_trail.h">
      <Filter>src\default</Filter>
    </ClInclude>
    <ClInclude Include="..\src\cgame\default\cg_hud.h">
      <Filter>src\default</Filter>
    </ClInclude>
    <ClInclude Include="..\src\cgame\default\cg_input.h">
      <Filter>src\default</Filter>
    </ClInclude>
    <ClInclude Include="..\src\cgame\default\cg_local.h">
      <Filter>src\default</Filter>
    </ClInclude>
    <ClInclude Include="..\src\cgame\default\cg_main.h">
      <Filter>src\default</Filter>
    </ClInclude>
    <ClInclude Include="..\src\cgame\default\cg_media.h">
      <Filter>src\default</Filter>
    </ClInclude>
    <ClInclude Include="..\src\cgame\default\cg_muzzle_flash.h">
      <Filter>src\default</Filter>
    </ClInclude>
    <ClInclude Include="..\src\cgame\default\cg_particle.h">
      <Filter>src\default</Filter>
    </ClInclude>
    <ClInclude Include="..\src\cgame\default\cg_predict.h">
      <Filter>src\default</Filter>
    </ClInclude>
    <ClInclude Include="..\src\cgame\default\cg_score.h">
      <Filter>src\default</Filter>
    </ClInclude>
    <ClInclude Include="..\src\cgame\default\cg_temp_entity.h">
      <Filter>src\default</Filter>
    </ClInclude>
    <ClInclude Include="..\src\cgame\default\cg_types.h">
      <Filter>src\default</Filter>
    </ClInclude>
    <ClInclude Include="..\src\cgame\default\cg_ui.h">
      <Filter>src\default</Filter>
    </ClInclude>
    <ClInclude Include="..\src\cgame\default\cg_view.h">
      <Filter>src\default</Filter>
    </ClInclude>
    <ClInclude Include="..\src\cgame\default\ui\common\CvarCheckbox.h">
      <Filter>src\default\ui\common</Filter>
    </ClInclude>
    <ClInclude Include="..\src\cgame\default\ui\common\CvarSelect.h">
      <Filter>src\default\ui\common</Filter>
    </ClInclude>
    <ClInclude Include="..\src\cgame\default\ui\common\CvarSlider.h">
      <Filter>src\default\ui\common</Filter>
    </ClInclude>
    <ClInclude Include="..\src\cgame\default\ui\common\CvarTextView.h">
      <Filter>src\default\ui\common</Filter>
    </ClInclude>
    <ClInclude Include="..\src\cgame\default\ui\info\CreditsViewController.h">
      <Filter>src\default\ui\info</Filter>
    </ClInclude>
    <ClInclude Include="..\src\cgame\default\ui\info\InfoViewController.h">
      <Filter>src\default\ui\info</Filter>
    </ClInclude>
    <ClInclude Include="..\src\cgame\default\ui\main\DialogView.h">
      <Filter>src\default\ui\main</Filter>
    </ClInclude>
    <ClInclude Include="..\src\cgame\default\ui\main\HomeViewController.h">
      <Filter>src\default\ui\main</Filter>
    </ClInclude>
    <ClInclude Include="..\src\cgame\default\ui\main\LoadingViewController.h">
      <Filter>src\default\ui\main</Filter>
    </ClInclude>
    <ClInclude Include="..\src\cgame\default\ui\main\MainView.h">
      <Filter>src\default\ui\main</Filter>
    </ClInclude>
    <ClInclude Include="..\src\cgame\default\ui\main\MainViewController.h">
      <Filter>src\default\ui\main</Filter>
    </ClInclude>
    <ClInclude Include="..\src\cgame\default\ui\main\PrimaryButton.h">
      <Filter>src\default\ui\main</Filter>
    </ClInclude>
    <ClInclude Include="..\src\cgame\default\ui\main\PrimaryIcon.h">
      <Filter>src\default\ui\main</Filter>
    </ClInclude>
    <ClInclude Include="..\src\cgame\default\ui\settings\OptionsViewController.h">
      <Filter>src\default\ui\settings</Filter>
    </ClInclude>
    <ClInclude Include="..\src\cgame\default\ui\settings\SettingsViewController.h">
      <Filter>src\default\ui\settings</Filter>
    </ClInclude>
    <ClInclude Include="..\src\cgame\default\ui\settings\VideoModeSelect.h">
      <Filter>src\default\ui\settings</Filter>
    </ClInclude>
    <ClInclude Include="..\src\cgame\default\ui\play\CreateServerViewController.h">
      <Filter>src\default\ui\play</Filter>
    </ClInclude>
    <ClInclude Include="..\src\cgame\default\ui\play\JoinServerViewController.h">
      <Filter>src\default\ui\play</Filter>
    </ClInclude>
    <ClInclude Include="..\src\cgame\default\ui\play\MapListCollectionItemView.h">
      <Filter>src\default\ui\play</Filter>
    </ClInclude>
    <ClInclude Include="..\src\cgame\default\ui\play\MapListCollectionView.h">
      <Filter>src\default\ui\play</Filter>
    </ClInclude>
    <ClInclude Include="..\src\cgame\default\ui\play\PlayViewController.h">
      <Filter>src\default\ui\play</Filter>
    </ClInclude>
    <ClInclude Include="..\src\cgame\default\ui\controls\ControlsViewController.h">
      <Filter>src\default\ui\controls</Filter>
    </ClInclude>
    <ClInclude Include="..\src\cgame\default\ui\controls\CrosshairView.h">
      <Filter>src\default\ui\controls</Filter>
    </ClInclude>
    <ClInclude Include="..\src\cgame\default\ui\controls\LookViewController.h">
      <Filter>src\default\ui\controls</Filter>
    </ClInclude>
    <ClInclude Include="..\src\cgame\default\ui\controls\MiscViewController.h">
      <Filter>src\default\ui\controls</Filter>
    </ClInclude>
    <ClInclude Include="..\src\cgame\default\ui\controls\MoveViewController.h">
      <Filter>src\default\ui\controls</Filter>
    </ClInclude>
    <ClInclude Include="..\src\cgame\default\ui\controls\ShootViewController.h">
      <Filter>src\default\ui\controls</Filter>
    </ClInclude>
    <ClInclude Include="..\src\cgame\default\ui\settings\SystemViewController.h">
      <Filter>src\default\ui\settings</Filter>
    </ClInclude>
    <ClInclude Include="..\src\cgame\default\ui\play\PlayerModelView.h">
      <Filter>src\default\ui\play</Filter>
    </ClInclude>
    <ClInclude Include="..\src\cgame\default\ui\play\PlayerSetupViewController.h">
      <Filter>src\default\ui\play</Filter>
    </ClInclude>
    <ClInclude Include="..\src\cgame\default\ui\common\BindTextView.h">
      <Filter>src\default\ui\common</Filter>
    </ClInclude>
    <ClInclude Include="..\src\cgame\default\ui\main\DialogViewController.h">
      <Filter>src\default\ui\main</Filter>
    </ClInclude>
    <ClInclude Include="..\src\cgame\default\ui\common\QuetooTheme.h">
      <Filter>src\default\ui\common</Filter>
    </ClInclude>
    <ClInclude Include="..\src\cgame\default\cg_discord.h">
      <Filter>src\default</Filter>
    </ClInclude>
  </ItemGroup>
  <ItemGroup>
    <None Include="cgame.def" />
  </ItemGroup>
  <ItemGroup>
    <ClCompile Include="..\src\cgame\default\cg_client.c">
      <Filter>src\default</Filter>
    </ClCompile>
    <ClCompile Include="..\src\cgame\default\cg_effect.c">
      <Filter>src\default</Filter>
    </ClCompile>
    <ClCompile Include="..\src\cgame\default\cg_emit.c">
      <Filter>src\default</Filter>
    </ClCompile>
    <ClCompile Include="..\src\cgame\default\cg_entity.c">
      <Filter>src\default</Filter>
    </ClCompile>
    <ClCompile Include="..\src\cgame\default\cg_entity_effect.c">
      <Filter>src\default</Filter>
    </ClCompile>
    <ClCompile Include="..\src\cgame\default\cg_entity_event.c">
      <Filter>src\default</Filter>
    </ClCompile>
    <ClCompile Include="..\src\cgame\default\cg_entity_trail.c">
      <Filter>src\default</Filter>
    </ClCompile>
    <ClCompile Include="..\src\cgame\default\cg_hud.c">
      <Filter>src\default</Filter>
    </ClCompile>
    <ClCompile Include="..\src\cgame\default\cg_input.c">
      <Filter>src\default</Filter>
    </ClCompile>
    <ClCompile Include="..\src\cgame\default\cg_main.c">
      <Filter>src\default</Filter>
    </ClCompile>
    <ClCompile Include="..\src\cgame\default\cg_media.c">
      <Filter>src\default</Filter>
    </ClCompile>
    <ClCompile Include="..\src\cgame\default\cg_muzzle_flash.c">
      <Filter>src\default</Filter>
    </ClCompile>
    <ClCompile Include="..\src\cgame\default\cg_particle.c">
      <Filter>src\default</Filter>
    </ClCompile>
    <ClCompile Include="..\src\cgame\default\cg_predict.c">
      <Filter>src\default</Filter>
    </ClCompile>
    <ClCompile Include="..\src\cgame\default\cg_score.c">
      <Filter>src\default</Filter>
    </ClCompile>
    <ClCompile Include="..\src\cgame\default\cg_temp_entity.c">
      <Filter>src\default</Filter>
    </ClCompile>
    <ClCompile Include="..\src\cgame\default\cg_ui.c">
      <Filter>src\default</Filter>
    </ClCompile>
    <ClCompile Include="..\src\cgame\default\cg_view.c">
      <Filter>src\default</Filter>
    </ClCompile>
    <ClCompile Include="..\src\cgame\default\ui\common\CvarCheckbox.c">
      <Filter>src\default\ui\common</Filter>
    </ClCompile>
    <ClCompile Include="..\src\cgame\default\ui\common\CvarSelect.c">
      <Filter>src\default\ui\common</Filter>
    </ClCompile>
    <ClCompile Include="..\src\cgame\default\ui\common\CvarSlider.c">
      <Filter>src\default\ui\common</Filter>
    </ClCompile>
    <ClCompile Include="..\src\cgame\default\ui\common\CvarTextView.c">
      <Filter>src\default\ui\common</Filter>
    </ClCompile>
    <ClCompile Include="..\src\cgame\default\ui\info\CreditsViewController.c">
      <Filter>src\default\ui\info</Filter>
    </ClCompile>
    <ClCompile Include="..\src\cgame\default\ui\info\InfoViewController.c">
      <Filter>src\default\ui\info</Filter>
    </ClCompile>
    <ClCompile Include="..\src\cgame\default\ui\main\DialogView.c">
      <Filter>src\default\ui\main</Filter>
    </ClCompile>
    <ClCompile Include="..\src\cgame\default\ui\main\HomeViewController.c">
      <Filter>src\default\ui\main</Filter>
    </ClCompile>
    <ClCompile Include="..\src\cgame\default\ui\main\LoadingViewController.c">
      <Filter>src\default\ui\main</Filter>
    </ClCompile>
    <ClCompile Include="..\src\cgame\default\ui\main\MainView.c">
      <Filter>src\default\ui\main</Filter>
    </ClCompile>
    <ClCompile Include="..\src\cgame\default\ui\main\MainViewController.c">
      <Filter>src\default\ui\main</Filter>
    </ClCompile>
    <ClCompile Include="..\src\cgame\default\ui\main\PrimaryButton.c">
      <Filter>src\default\ui\main</Filter>
    </ClCompile>
    <ClCompile Include="..\src\cgame\default\ui\main\PrimaryIcon.c">
      <Filter>src\default\ui\main</Filter>
    </ClCompile>
    <ClCompile Include="..\src\cgame\default\ui\settings\OptionsViewController.c">
      <Filter>src\default\ui\settings</Filter>
    </ClCompile>
    <ClCompile Include="..\src\cgame\default\ui\settings\SettingsViewController.c">
      <Filter>src\default\ui\settings</Filter>
    </ClCompile>
    <ClCompile Include="..\src\cgame\default\ui\settings\VideoModeSelect.c">
      <Filter>src\default\ui\settings</Filter>
    </ClCompile>
    <ClCompile Include="..\src\cgame\default\ui\play\CreateServerViewController.c">
      <Filter>src\default\ui\play</Filter>
    </ClCompile>
    <ClCompile Include="..\src\cgame\default\ui\play\JoinServerViewController.c">
      <Filter>src\default\ui\play</Filter>
    </ClCompile>
    <ClCompile Include="..\src\cgame\default\ui\play\MapListCollectionItemView.c">
      <Filter>src\default\ui\play</Filter>
    </ClCompile>
    <ClCompile Include="..\src\cgame\default\ui\play\MapListCollectionView.c">
      <Filter>src\default\ui\play</Filter>
    </ClCompile>
    <ClCompile Include="..\src\cgame\default\ui\play\PlayViewController.c">
      <Filter>src\default\ui\play</Filter>
    </ClCompile>
    <ClCompile Include="..\src\cgame\default\ui\controls\ControlsViewController.c">
      <Filter>src\default\ui\controls</Filter>
    </ClCompile>
    <ClCompile Include="..\src\cgame\default\ui\controls\CrosshairView.c">
      <Filter>src\default\ui\controls</Filter>
    </ClCompile>
    <ClCompile Include="..\src\cgame\default\ui\controls\LookViewController.c">
      <Filter>src\default\ui\controls</Filter>
    </ClCompile>
    <ClCompile Include="..\src\cgame\default\ui\controls\MiscViewController.c">
      <Filter>src\default\ui\controls</Filter>
    </ClCompile>
    <ClCompile Include="..\src\cgame\default\ui\controls\MoveViewController.c">
      <Filter>src\default\ui\controls</Filter>
    </ClCompile>
    <ClCompile Include="..\src\cgame\default\ui\controls\ShootViewController.c">
      <Filter>src\default\ui\controls</Filter>
    </ClCompile>
    <ClCompile Include="..\src\cgame\default\ui\settings\SystemViewController.c">
      <Filter>src\default\ui\settings</Filter>
    </ClCompile>
    <ClCompile Include="..\src\cgame\default\ui\play\PlayerModelView.c">
      <Filter>src\default\ui\play</Filter>
    </ClCompile>
    <ClCompile Include="..\src\cgame\default\ui\play\PlayerSetupViewController.c">
      <Filter>src\default\ui\play</Filter>
    </ClCompile>
    <ClCompile Include="..\src\cgame\default\ui\common\BindTextView.c">
      <Filter>src\default\ui\common</Filter>
    </ClCompile>
    <ClCompile Include="..\src\cgame\default\ui\main\DialogViewController.c">
      <Filter>src\default\ui\main</Filter>
    </ClCompile>
    <ClCompile Include="..\src\cgame\default\ui\common\QuetooTheme.c">
      <Filter>src\default\ui\common</Filter>
    </ClCompile>
    <ClCompile Include="..\src\cgame\default\cg_discord.c">
      <Filter>src\default</Filter>
    </ClCompile>
  </ItemGroup>
</Project>