<?xml version="1.0" encoding="utf-8"?>
<Project ToolsVersion="4.0" xmlns="http://schemas.microsoft.com/developer/msbuild/2003">
  <ItemGroup>
    <Filter Include="src">
      <UniqueIdentifier>{cdca1c1c-7c24-4ee5-928b-835763449a5a}</UniqueIdentifier>
    </Filter>
    <Filter Include="src\tools">
      <UniqueIdentifier>{76463c61-ac1a-46b1-beef-d4aa5db1e3b9}</UniqueIdentifier>
    </Filter>
    <Filter Include="src\quemap">
      <UniqueIdentifier>{753d6095-620b-4b4c-bb85-6648e3b57a95}</UniqueIdentifier>
    </Filter>
    <Filter Include="src\main">
      <UniqueIdentifier>{49ccf0d7-16cf-4dc6-b323-484ef7ad81a5}</UniqueIdentifier>
    </Filter>
    <Filter Include="deps">
      <UniqueIdentifier>{8483c061-bdbc-4f19-90bc-04936071c84a}</UniqueIdentifier>
    </Filter>
    <Filter Include="deps\minizip">
      <UniqueIdentifier>{8c19356e-7391-4638-a435-5392eda8e85f}</UniqueIdentifier>
    </Filter>
  </ItemGroup>
  <ItemGroup>
    <ClCompile Include="src\main\winmain.c">
      <Filter>src\main</Filter>
    </ClCompile>
    <ClCompile Include="..\deps\minizip\miniz.c">
      <Filter>deps\minizip</Filter>
    </ClCompile>
    <ClCompile Include="..\src\quemap\leakfile.c">
      <Filter>src\quemap</Filter>
    </ClCompile>
    <ClCompile Include="..\src\quemap\light.c">
      <Filter>src\quemap</Filter>
    </ClCompile>
    <ClCompile Include="..\src\quemap\main.c">
      <Filter>src\quemap</Filter>
    </ClCompile>
    <ClCompile Include="..\src\quemap\map.c">
      <Filter>src\quemap</Filter>
    </ClCompile>
    <ClCompile Include="..\src\quemap\material.c">
      <Filter>src\quemap</Filter>
    </ClCompile>
    <ClCompile Include="..\src\quemap\patch.c">
      <Filter>src\quemap</Filter>
    </ClCompile>
    <ClCompile Include="..\src\quemap\polylib.c">
      <Filter>src\quemap</Filter>
    </ClCompile>
    <ClCompile Include="..\src\quemap\portal.c">
      <Filter>src\quemap</Filter>
    </ClCompile>
    <ClCompile Include="..\src\quemap\qbsp.c">
      <Filter>src\quemap</Filter>
    </ClCompile>
    <ClCompile Include="..\src\quemap\qlight.c">
      <Filter>src\quemap</Filter>
    </ClCompile>
    <ClCompile Include="..\src\quemap\qzip.c">
      <Filter>src\quemap</Filter>
    </ClCompile>
    <ClCompile Include="..\src\quemap\texture.c">
      <Filter>src\quemap</Filter>
    </ClCompile>
    <ClCompile Include="..\src\quemap\tjunction.c">
      <Filter>src\quemap</Filter>
    </ClCompile>
    <ClCompile Include="..\src\quemap\tree.c">
      <Filter>src\quemap</Filter>
    </ClCompile>
    <ClCompile Include="..\src\quemap\voxel.c">
      <Filter>src\quemap</Filter>
    </ClCompile>
    <ClCompile Include="..\src\quemap\work.c">
      <Filter>src\quemap</Filter>
    </ClCompile>
    <ClCompile Include="..\src\quemap\writebsp.c">
      <Filter>src\quemap</Filter>
    </ClCompile>
    <ClCompile Include="..\src\quemap\brush.c">
      <Filter>src\quemap</Filter>
    </ClCompile>
    <ClCompile Include="..\src\quemap\bsp.c">
      <Filter>src\quemap</Filter>
    </ClCompile>
    <ClCompile Include="..\src\quemap\csg.c">
      <Filter>src\quemap</Filter>
    </ClCompile>
    <ClCompile Include="..\src\quemap\entity.c">
      <Filter>src\quemap</Filter>
    </ClCompile>
    <ClCompile Include="..\src\quemap\face.c">
      <Filter>src\quemap</Filter>
    </ClCompile>
  </ItemGroup>
  <ItemGroup>
    <ClInclude Include="..\deps\minizip\miniz.h">
      <Filter>deps\minizip</Filter>
    </ClInclude>
    <ClInclude Include="..\src\quemap\leakfile.h">
      <Filter>src\quemap</Filter>
    </ClInclude>
    <ClInclude Include="..\src\quemap\light.h">
      <Filter>src\quemap</Filter>
    </ClInclude>
    <ClInclude Include="..\src\quemap\map.h">
      <Filter>src\quemap</Filter>
    </ClInclude>
    <ClInclude Include="..\src\quemap\material.h">
      <Filter>src\quemap</Filter>
    </ClInclude>
    <ClInclude Include="..\src\quemap\patch.h">
      <Filter>src\quemap</Filter>
    </ClInclude>
    <ClInclude Include="..\src\quemap\points.h">
      <Filter>src\quemap</Filter>
    </ClInclude>
    <ClInclude Include="..\src\quemap\polylib.h">
      <Filter>src\quemap</Filter>
    </ClInclude>
    <ClInclude Include="..\src\quemap\portal.h">
      <Filter>src\quemap</Filter>
    </ClInclude>
    <ClInclude Include="..\src\quemap\qbsp.h">
      <Filter>src\quemap</Filter>
    </ClInclude>
    <ClInclude Include="..\src\quemap\qlight.h">
      <Filter>src\quemap</Filter>
    </ClInclude>
    <ClInclude Include="..\src\quemap\quemap.h">
      <Filter>src\quemap</Filter>
    </ClInclude>
    <ClInclude Include="..\src\quemap\qzip.h">
      <Filter>src\quemap</Filter>
    </ClInclude>
    <ClInclude Include="..\src\quemap\texture.h">
      <Filter>src\quemap</Filter>
    </ClInclude>
    <ClInclude Include="..\src\quemap\tjunction.h">
      <Filter>src\quemap</Filter>
    </ClInclude>
    <ClInclude Include="..\src\quemap\tree.h">
      <Filter>src\quemap</Filter>
    </ClInclude>
    <ClInclude Include="..\src\quemap\voxel.h">
      <Filter>src\quemap</Filter>
    </ClInclude>
    <ClInclude Include="..\src\quemap\work.h">
      <Filter>src\quemap</Filter>
    </ClInclude>
    <ClInclude Include="..\src\quemap\writebsp.h">
      <Filter>src\quemap</Filter>
    </ClInclude>
    <ClInclude Include="..\src\quemap\brush.h">
      <Filter>src\quemap</Filter>
    </ClInclude>
    <ClInclude Include="..\src\quemap\bsp.h">
      <Filter>src\quemap</Filter>
    </ClInclude>
    <ClInclude Include="..\src\quemap\csg.h">
      <Filter>src\quemap</Filter>
    </ClInclude>
    <ClInclude Include="..\src\quemap\entity.h">
      <Filter>src\quemap</Filter>
    </ClInclude>
    <ClInclude Include="..\src\quemap\face.h">
      <Filter>src\quemap</Filter>
    </ClInclude>
  </ItemGroup>
</Project>
