<?xml version="1.0" encoding="utf-8"?>
<Project ToolsVersion="4.0" xmlns="http://schemas.microsoft.com/developer/msbuild/2003">
  <ItemGroup>
    <Filter Include="src">
      <UniqueIdentifier>{cdca1c1c-7c24-4ee5-928b-835763449a5a}</UniqueIdentifier>
    </Filter>
    <Filter Include="src\tools">
      <UniqueIdentifier>{76463c61-ac1a-46b1-beef-d4aa5db1e3b9}</UniqueIdentifier>
    </Filter>
    <Filter Include="src\tools\quemap">
      <UniqueIdentifier>{753d6095-620b-4b4c-bb85-6648e3b57a95}</UniqueIdentifier>
    </Filter>
    <Filter Include="src\main">
      <UniqueIdentifier>{49ccf0d7-16cf-4dc6-b323-484ef7ad81a5}</UniqueIdentifier>
    </Filter>
    <Filter Include="deps">
      <UniqueIdentifier>{8483c061-bdbc-4f19-90bc-04936071c84a}</UniqueIdentifier>
    </Filter>
    <Filter Include="deps\minizip">
      <UniqueIdentifier>{8c19356e-7391-4638-a435-5392eda8e85f}</UniqueIdentifier>
    </Filter>
  </ItemGroup>
  <ItemGroup>
    <ClCompile Include="src\main\winmain.c">
      <Filter>src\main</Filter>
    </ClCompile>
    <ClCompile Include="..\deps\minizip\ioapi.c">
      <Filter>deps\minizip</Filter>
    </ClCompile>
    <ClCompile Include="..\deps\minizip\zip.c">
      <Filter>deps\minizip</Filter>
    </ClCompile>
    <ClCompile Include="..\deps\minizip\miniz.c">
      <Filter>deps\minizip</Filter>
    </ClCompile>
    <ClCompile Include="..\src\tools\quemap\brush.c">
      <Filter>src\tools\quemap</Filter>
    </ClCompile>
    <ClCompile Include="..\src\tools\quemap\bsp.c">
      <Filter>src\tools\quemap</Filter>
    </ClCompile>
    <ClCompile Include="..\src\tools\quemap\csg.c">
      <Filter>src\tools\quemap</Filter>
    </ClCompile>
    <ClCompile Include="..\src\tools\quemap\entity.c">
      <Filter>src\tools\quemap</Filter>
    </ClCompile>
    <ClCompile Include="..\src\tools\quemap\face.c">
      <Filter>src\tools\quemap</Filter>
    </ClCompile>
    <ClCompile Include="..\src\tools\quemap\leakfile.c">
      <Filter>src\tools\quemap</Filter>
    </ClCompile>
    <ClCompile Include="..\src\tools\quemap\light.c">
      <Filter>src\tools\quemap</Filter>
    </ClCompile>
    <ClCompile Include="..\src\tools\quemap\lightmap.c">
      <Filter>src\tools\quemap</Filter>
    </ClCompile>
    <ClCompile Include="..\src\tools\quemap\main.c">
      <Filter>src\tools\quemap</Filter>
    </ClCompile>
    <ClCompile Include="..\src\tools\quemap\map.c">
      <Filter>src\tools\quemap</Filter>
    </ClCompile>
    <ClCompile Include="..\src\tools\quemap\material.c">
      <Filter>src\tools\quemap</Filter>
    </ClCompile>
    <ClCompile Include="..\src\tools\quemap\monitor.c">
      <Filter>src\tools\quemap</Filter>
    </ClCompile>
    <ClCompile Include="..\src\tools\quemap\patch.c">
      <Filter>src\tools\quemap</Filter>
    </ClCompile>
    <ClCompile Include="..\src\tools\quemap\polylib.c">
      <Filter>src\tools\quemap</Filter>
    </ClCompile>
    <ClCompile Include="..\src\tools\quemap\portal.c">
      <Filter>src\tools\quemap</Filter>
    </ClCompile>
    <ClCompile Include="..\src\tools\quemap\prtfile.c">
      <Filter>src\tools\quemap</Filter>
    </ClCompile>
    <ClCompile Include="..\src\tools\quemap\qbsp.c">
      <Filter>src\tools\quemap</Filter>
    </ClCompile>
    <ClCompile Include="..\src\tools\quemap\qlight.c">
      <Filter>src\tools\quemap</Filter>
    </ClCompile>
    <ClCompile Include="..\src\tools\quemap\qmat.c">
      <Filter>src\tools\quemap</Filter>
    </ClCompile>
    <ClCompile Include="..\src\tools\quemap\qzip.c">
      <Filter>src\tools\quemap</Filter>
    </ClCompile>
    <ClCompile Include="..\src\tools\quemap\texinfo.c">
      <Filter>src\tools\quemap</Filter>
    </ClCompile>
    <ClCompile Include="..\src\tools\quemap\tjunction.c">
      <Filter>src\tools\quemap</Filter>
    </ClCompile>
    <ClCompile Include="..\src\tools\quemap\tree.c">
      <Filter>src\tools\quemap</Filter>
    </ClCompile>
    <ClCompile Include="..\src\tools\quemap\work.c">
      <Filter>src\tools\quemap</Filter>
    </ClCompile>
    <ClCompile Include="..\src\tools\quemap\writebsp.c">
      <Filter>src\tools\quemap</Filter>
    </ClCompile>
    <ClCompile Include="..\src\tools\quemap\lightgrid.c">
      <Filter>src\tools\quemap</Filter>
    </ClCompile>
    <ClCompile Include="..\src\tools\quemap\fog.c">
      <Filter>src\tools\quemap</Filter>
    </ClCompile>
  </ItemGroup>
  <ItemGroup>
    <ClInclude Include="..\deps\minizip\ioapi.h">
      <Filter>deps\minizip</Filter>
    </ClInclude>
    <ClInclude Include="..\deps\minizip\zip.h">
      <Filter>deps\minizip</Filter>
    </ClInclude>
    <ClInclude Include="..\deps\minizip\miniz.h">
      <Filter>deps\minizip</Filter>
    </ClInclude>
    <ClInclude Include="..\src\tools\quemap\brush.h">
      <Filter>src\tools\quemap</Filter>
    </ClInclude>
    <ClInclude Include="..\src\tools\quemap\bsp.h">
      <Filter>src\tools\quemap</Filter>
    </ClInclude>
    <ClInclude Include="..\src\tools\quemap\csg.h">
      <Filter>src\tools\quemap</Filter>
    </ClInclude>
    <ClInclude Include="..\src\tools\quemap\entity.h">
      <Filter>src\tools\quemap</Filter>
    </ClInclude>
    <ClInclude Include="..\src\tools\quemap\face.h">
      <Filter>src\tools\quemap</Filter>
    </ClInclude>
    <ClInclude Include="..\src\tools\quemap\leakfile.h">
      <Filter>src\tools\quemap</Filter>
    </ClInclude>
    <ClInclude Include="..\src\tools\quemap\light.h">
      <Filter>src\tools\quemap</Filter>
    </ClInclude>
    <ClInclude Include="..\src\tools\quemap\lightmap.h">
      <Filter>src\tools\quemap</Filter>
    </ClInclude>
    <ClInclude Include="..\src\tools\quemap\map.h">
      <Filter>src\tools\quemap</Filter>
    </ClInclude>
    <ClInclude Include="..\src\tools\quemap\material.h">
      <Filter>src\tools\quemap</Filter>
    </ClInclude>
    <ClInclude Include="..\src\tools\quemap\monitor.h">
      <Filter>src\tools\quemap</Filter>
    </ClInclude>
    <ClInclude Include="..\src\tools\quemap\patch.h">
      <Filter>src\tools\quemap</Filter>
    </ClInclude>
    <ClInclude Include="..\src\tools\quemap\points.h">
      <Filter>src\tools\quemap</Filter>
    </ClInclude>
    <ClInclude Include="..\src\tools\quemap\polylib.h">
      <Filter>src\tools\quemap</Filter>
    </ClInclude>
    <ClInclude Include="..\src\tools\quemap\portal.h">
      <Filter>src\tools\quemap</Filter>
    </ClInclude>
    <ClInclude Include="..\src\tools\quemap\prtfile.h">
      <Filter>src\tools\quemap</Filter>
    </ClInclude>
    <ClInclude Include="..\src\tools\quemap\qbsp.h">
      <Filter>src\tools\quemap</Filter>
    </ClInclude>
    <ClInclude Include="..\src\tools\quemap\qlight.h">
      <Filter>src\tools\quemap</Filter>
    </ClInclude>
    <ClInclude Include="..\src\tools\quemap\qmat.h">
      <Filter>src\tools\quemap</Filter>
    </ClInclude>
    <ClInclude Include="..\src\tools\quemap\quemap.h">
      <Filter>src\tools\quemap</Filter>
    </ClInclude>
    <ClInclude Include="..\src\tools\quemap\qzip.h">
      <Filter>src\tools\quemap</Filter>
    </ClInclude>
    <ClInclude Include="..\src\tools\quemap\texinfo.h">
      <Filter>src\tools\quemap</Filter>
    </ClInclude>
    <ClInclude Include="..\src\tools\quemap\tjunction.h">
      <Filter>src\tools\quemap</Filter>
    </ClInclude>
    <ClInclude Include="..\src\tools\quemap\tree.h">
      <Filter>src\tools\quemap</Filter>
    </ClInclude>
    <ClInclude Include="..\src\tools\quemap\work.h">
      <Filter>src\tools\quemap</Filter>
    </ClInclude>
    <ClInclude Include="..\src\tools\quemap\writebsp.h">
      <Filter>src\tools\quemap</Filter>
    </ClInclude>
    <ClInclude Include="..\src\tools\quemap\lightgrid.h">
      <Filter>src\tools\quemap</Filter>
    </ClInclude>
    <ClInclude Include="..\src\tools\quemap\fog.h">
      <Filter>src\tools\quemap</Filter>
    </ClInclude>
  </ItemGroup>
  <ItemGroup>
    <None Include="..\src\tools\quemap\Makefile.am">
      <Filter>src\tools\quemap</Filter>
    </None>
  </ItemGroup>
  <ItemGroup>
    <Image Include="..\src\tools\quemap\quemap.ico">
      <Filter>src\tools\quemap</Filter>
    </Image>
  </ItemGroup>
  <ItemGroup>
    <ResourceCompile Include="..\src\tools\quemap\quemap-icon.rc">
      <Filter>src\tools\quemap</Filter>
    </ResourceCompile>
  </ItemGroup>
</Project>