
Microsoft Visual Studio Solution File, Format Version 12.00
# Visual Studio 15
VisualStudioVersion = 15.0.26730.16
MinimumVisualStudioVersion = 10.0.40219.1
Project("{8BC9CEB8-8B4A-11D0-8D11-00A0C91BC942}") = "quetoo", "quetoo.vcxproj", "{A05CAC53-F8F2-4A14-9C81-8A34F4EA9085}"
	ProjectSection(ProjectDependencies) = postProject
		{AD4CEB0F-306E-4D57-B579-503239939766} = {AD4CEB0F-306E-4D57-B579-503239939766}
		{EFD2B11D-5A11-43CC-AE87-DB2A2A050C05} = {EFD2B11D-5A11-43CC-AE87-DB2A2A050C05}
		{856AA625-7037-4E67-8DA4-26BA59C2A9F2} = {856AA625-7037-4E67-8DA4-26BA59C2A9F2}
		{2F1C792E-6243-462B-AF0D-E2554E77D5C5} = {2F1C792E-6243-462B-AF0D-E2554E77D5C5}
		{6689D02E-8034-4D5F-804E-935D444AF5C8} = {6689D02E-8034-4D5F-804E-935D444AF5C8}
		{C8CF2939-7614-4820-9CF5-B433456764D3} = {C8CF2939-7614-4820-9CF5-B433456764D3}
		{08745142-6B9C-4CBC-97EC-F80415B9CBEA} = {08745142-6B9C-4CBC-97EC-F80415B9CBEA}
		{76EBD445-3535-4652-BE8B-7DE4F03591CE} = {76EBD445-3535-4652-BE8B-7DE4F03591CE}
		{E12CF546-A3C4-4C3F-AB70-073A4E0795DD} = {E12CF546-A3C4-4C3F-AB70-073A4E0795DD}
		{5BE97B66-53B4-4521-A905-92AC882DC02C} = {5BE97B66-53B4-4521-A905-92AC882DC02C}
		{F81FD692-5EA3-4A8D-BE83-7C33B9627017} = {F81FD692-5EA3-4A8D-BE83-7C33B9627017}
		{978D57A2-1735-4CFC-BF47-795A87A71A87} = {978D57A2-1735-4CFC-BF47-795A87A71A87}
		{99C2A2A7-35F3-4A06-AE2F-8B98DB2E4BFD} = {99C2A2A7-35F3-4A06-AE2F-8B98DB2E4BFD}
		{61BE87B2-5E0B-43EF-AF67-A6561F929364} = {61BE87B2-5E0B-43EF-AF67-A6561F929364}
		{3E6B97C6-1F51-4D72-BDFE-1D492F5EDA6C} = {3E6B97C6-1F51-4D72-BDFE-1D492F5EDA6C}
		{FEF51ACC-31F2-41AC-B562-41F5C5988088} = {FEF51ACC-31F2-41AC-B562-41F5C5988088}
		{3B26D4D9-B320-4D6F-B4D1-9A2487BBD0B3} = {3B26D4D9-B320-4D6F-B4D1-9A2487BBD0B3}
		{817CECDD-9A82-4EA6-BC55-500462CFAE0A} = {817CECDD-9A82-4EA6-BC55-500462CFAE0A}
		{A663B8E2-126D-45DA-B3F8-B381AB866E7D} = {A663B8E2-126D-45DA-B3F8-B381AB866E7D}
		{C22DAAE7-0044-4B19-A369-28DE8F2C661D} = {C22DAAE7-0044-4B19-A369-28DE8F2C661D}
		{07DA2CEA-0340-40C6-B389-357B69130815} = {07DA2CEA-0340-40C6-B389-357B69130815}
		{C85EAFFF-BAD0-46C2-868C-982FE719263E} = {C85EAFFF-BAD0-46C2-868C-982FE719263E}
	EndProjectSection
EndProject
Project("{8BC9CEB8-8B4A-11D0-8D11-00A0C91BC942}") = "libcommon", "libs\libcommon.vcxproj", "{99C2A2A7-35F3-4A06-AE2F-8B98DB2E4BFD}"
EndProject
Project("{8BC9CEB8-8B4A-11D0-8D11-00A0C91BC942}") = "libshared", "libs\libshared.vcxproj", "{2F1C792E-6243-462B-AF0D-E2554E77D5C5}"
EndProject
Project("{8BC9CEB8-8B4A-11D0-8D11-00A0C91BC942}") = "libswap", "libs\libswap.vcxproj", "{C22DAAE7-0044-4B19-A369-28DE8F2C661D}"
EndProject
Project("{8BC9CEB8-8B4A-11D0-8D11-00A0C91BC942}") = "libsys", "libs\libsys.vcxproj", "{E12CF546-A3C4-4C3F-AB70-073A4E0795DD}"
EndProject
Project("{8BC9CEB8-8B4A-11D0-8D11-00A0C91BC942}") = "libconsole", "libs\libconsole.vcxproj", "{08745142-6B9C-4CBC-97EC-F80415B9CBEA}"
EndProject
Project("{8BC9CEB8-8B4A-11D0-8D11-00A0C91BC942}") = "libimage", "libs\libimage.vcxproj", "{978D57A2-1735-4CFC-BF47-795A87A71A87}"
EndProject
Project("{8BC9CEB8-8B4A-11D0-8D11-00A0C91BC942}") = "libmatrix", "libs\libmatrix.vcxproj", "{61BE87B2-5E0B-43EF-AF67-A6561F929364}"
EndProject
Project("{8BC9CEB8-8B4A-11D0-8D11-00A0C91BC942}") = "libmem", "libs\libmem.vcxproj", "{6689D02E-8034-4D5F-804E-935D444AF5C8}"
EndProject
Project("{8BC9CEB8-8B4A-11D0-8D11-00A0C91BC942}") = "libthread", "libs\libthread.vcxproj", "{5BE97B66-53B4-4521-A905-92AC882DC02C}"
EndProject
Project("{8BC9CEB8-8B4A-11D0-8D11-00A0C91BC942}") = "libfilesystem", "libs\libfilesystem.vcxproj", "{817CECDD-9A82-4EA6-BC55-500462CFAE0A}"
EndProject
Project("{8BC9CEB8-8B4A-11D0-8D11-00A0C91BC942}") = "libcmodel", "libs\libcmodel.vcxproj", "{76EBD445-3535-4652-BE8B-7DE4F03591CE}"
EndProject
Project("{8BC9CEB8-8B4A-11D0-8D11-00A0C91BC942}") = "libnet", "libs\libnet.vcxproj", "{07DA2CEA-0340-40C6-B389-357B69130815}"
EndProject
Project("{8BC9CEB8-8B4A-11D0-8D11-00A0C91BC942}") = "libserver", "libs\libserver.vcxproj", "{856AA625-7037-4E67-8DA4-26BA59C2A9F2}"
EndProject
Project("{2150E333-8FDC-42A3-9474-1A3956D46DE8}") = "libs", "libs", "{12075155-7B18-4525-885E-A2CCD24EFE04}"
EndProject
Project("{2150E333-8FDC-42A3-9474-1A3956D46DE8}") = "collision", "collision", "{8B8889A8-E646-4565-BF41-1AB31222BED4}"
EndProject
Project("{2150E333-8FDC-42A3-9474-1A3956D46DE8}") = "net", "net", "{292F85BD-4894-4E36-8262-ABC8E75B11E7}"
EndProject
Project("{2150E333-8FDC-42A3-9474-1A3956D46DE8}") = "server", "server", "{25250AAF-1B21-491C-A7D3-45C0D81839A6}"
EndProject
Project("{2150E333-8FDC-42A3-9474-1A3956D46DE8}") = "ai", "ai", "{39B7FD8A-D56D-480C-BFF3-E0DCB1B151A7}"
EndProject
Project("{2150E333-8FDC-42A3-9474-1A3956D46DE8}") = "client", "client", "{4ABC6E3D-00E0-4F9E-9BCB-2257BFE840D5}"
EndProject
Project("{8BC9CEB8-8B4A-11D0-8D11-00A0C91BC942}") = "libsound", "libs\libsound.vcxproj", "{F81FD692-5EA3-4A8D-BE83-7C33B9627017}"
EndProject
Project("{8BC9CEB8-8B4A-11D0-8D11-00A0C91BC942}") = "libui", "libs\libui.vcxproj", "{EFD2B11D-5A11-43CC-AE87-DB2A2A050C05}"
EndProject
Project("{8BC9CEB8-8B4A-11D0-8D11-00A0C91BC942}") = "librenderer", "libs\librenderer.vcxproj", "{3B26D4D9-B320-4D6F-B4D1-9A2487BBD0B3}"
EndProject
Project("{8BC9CEB8-8B4A-11D0-8D11-00A0C91BC942}") = "libclient", "libs\libclient.vcxproj", "{C85EAFFF-BAD0-46C2-868C-982FE719263E}"
EndProject
Project("{8BC9CEB8-8B4A-11D0-8D11-00A0C91BC942}") = "cgame", "cgame.vcxproj", "{C8CF2939-7614-4820-9CF5-B433456764D3}"
	ProjectSection(ProjectDependencies) = postProject
		{AD4CEB0F-306E-4D57-B579-503239939766} = {AD4CEB0F-306E-4D57-B579-503239939766}
		{2F1C792E-6243-462B-AF0D-E2554E77D5C5} = {2F1C792E-6243-462B-AF0D-E2554E77D5C5}
		{B1E86937-5A7A-48F6-9DAB-A1D2900C3AE1} = {B1E86937-5A7A-48F6-9DAB-A1D2900C3AE1}
		{3E6B97C6-1F51-4D72-BDFE-1D492F5EDA6C} = {3E6B97C6-1F51-4D72-BDFE-1D492F5EDA6C}
		{FEF51ACC-31F2-41AC-B562-41F5C5988088} = {FEF51ACC-31F2-41AC-B562-41F5C5988088}
	EndProjectSection
EndProject
Project("{2150E333-8FDC-42A3-9474-1A3956D46DE8}") = "game", "game", "{570EB326-F102-4C08-8B17-4C2B600BDAC7}"
EndProject
Project("{8BC9CEB8-8B4A-11D0-8D11-00A0C91BC942}") = "libpmove", "libs\libpmove.vcxproj", "{B1E86937-5A7A-48F6-9DAB-A1D2900C3AE1}"
EndProject
Project("{8BC9CEB8-8B4A-11D0-8D11-00A0C91BC942}") = "game", "game.vcxproj", "{A663B8E2-126D-45DA-B3F8-B381AB866E7D}"
	ProjectSection(ProjectDependencies) = postProject
		{2F1C792E-6243-462B-AF0D-E2554E77D5C5} = {2F1C792E-6243-462B-AF0D-E2554E77D5C5}
		{B1E86937-5A7A-48F6-9DAB-A1D2900C3AE1} = {B1E86937-5A7A-48F6-9DAB-A1D2900C3AE1}
		{FEF51ACC-31F2-41AC-B562-41F5C5988088} = {FEF51ACC-31F2-41AC-B562-41F5C5988088}
		{6EBF61D4-CA15-4D8A-A957-7C9CF8A3E815} = {6EBF61D4-CA15-4D8A-A957-7C9CF8A3E815}
	EndProjectSection
EndProject
Project("{8BC9CEB8-8B4A-11D0-8D11-00A0C91BC942}") = "quetoo-update", "quetoo-update.vcxproj", "{A11F8826-C984-45ED-A335-AB616DEE1CCA}"
	ProjectSection(ProjectDependencies) = postProject
		{2F1C792E-6243-462B-AF0D-E2554E77D5C5} = {2F1C792E-6243-462B-AF0D-E2554E77D5C5}
		{6689D02E-8034-4D5F-804E-935D444AF5C8} = {6689D02E-8034-4D5F-804E-935D444AF5C8}
		{E12CF546-A3C4-4C3F-AB70-073A4E0795DD} = {E12CF546-A3C4-4C3F-AB70-073A4E0795DD}
		{99C2A2A7-35F3-4A06-AE2F-8B98DB2E4BFD} = {99C2A2A7-35F3-4A06-AE2F-8B98DB2E4BFD}
		{817CECDD-9A82-4EA6-BC55-500462CFAE0A} = {817CECDD-9A82-4EA6-BC55-500462CFAE0A}
	EndProjectSection
EndProject
Project("{8BC9CEB8-8B4A-11D0-8D11-00A0C91BC942}") = "quemap", "quemap.vcxproj", "{082FC21A-6D83-4960-9C9E-5C4B71409E92}"
	ProjectSection(ProjectDependencies) = postProject
		{2F1C792E-6243-462B-AF0D-E2554E77D5C5} = {2F1C792E-6243-462B-AF0D-E2554E77D5C5}
		{6689D02E-8034-4D5F-804E-935D444AF5C8} = {6689D02E-8034-4D5F-804E-935D444AF5C8}
		{76EBD445-3535-4652-BE8B-7DE4F03591CE} = {76EBD445-3535-4652-BE8B-7DE4F03591CE}
		{E12CF546-A3C4-4C3F-AB70-073A4E0795DD} = {E12CF546-A3C4-4C3F-AB70-073A4E0795DD}
		{5BE97B66-53B4-4521-A905-92AC882DC02C} = {5BE97B66-53B4-4521-A905-92AC882DC02C}
		{978D57A2-1735-4CFC-BF47-795A87A71A87} = {978D57A2-1735-4CFC-BF47-795A87A71A87}
		{99C2A2A7-35F3-4A06-AE2F-8B98DB2E4BFD} = {99C2A2A7-35F3-4A06-AE2F-8B98DB2E4BFD}
		{61BE87B2-5E0B-43EF-AF67-A6561F929364} = {61BE87B2-5E0B-43EF-AF67-A6561F929364}
		{FEF51ACC-31F2-41AC-B562-41F5C5988088} = {FEF51ACC-31F2-41AC-B562-41F5C5988088}
		{817CECDD-9A82-4EA6-BC55-500462CFAE0A} = {817CECDD-9A82-4EA6-BC55-500462CFAE0A}
		{C22DAAE7-0044-4B19-A369-28DE8F2C661D} = {C22DAAE7-0044-4B19-A369-28DE8F2C661D}
	EndProjectSection
EndProject
Project("{8BC9CEB8-8B4A-11D0-8D11-00A0C91BC942}") = "quetoo-dedicated", "quetoo-dedicated.vcxproj", "{990F298C-0B12-4792-8175-90370FD9358A}"
	ProjectSection(ProjectDependencies) = postProject
		{856AA625-7037-4E67-8DA4-26BA59C2A9F2} = {856AA625-7037-4E67-8DA4-26BA59C2A9F2}
		{2F1C792E-6243-462B-AF0D-E2554E77D5C5} = {2F1C792E-6243-462B-AF0D-E2554E77D5C5}
		{6689D02E-8034-4D5F-804E-935D444AF5C8} = {6689D02E-8034-4D5F-804E-935D444AF5C8}
		{08745142-6B9C-4CBC-97EC-F80415B9CBEA} = {08745142-6B9C-4CBC-97EC-F80415B9CBEA}
		{76EBD445-3535-4652-BE8B-7DE4F03591CE} = {76EBD445-3535-4652-BE8B-7DE4F03591CE}
		{E12CF546-A3C4-4C3F-AB70-073A4E0795DD} = {E12CF546-A3C4-4C3F-AB70-073A4E0795DD}
		{5BE97B66-53B4-4521-A905-92AC882DC02C} = {5BE97B66-53B4-4521-A905-92AC882DC02C}
		{99C2A2A7-35F3-4A06-AE2F-8B98DB2E4BFD} = {99C2A2A7-35F3-4A06-AE2F-8B98DB2E4BFD}
		{61BE87B2-5E0B-43EF-AF67-A6561F929364} = {61BE87B2-5E0B-43EF-AF67-A6561F929364}
		{FEF51ACC-31F2-41AC-B562-41F5C5988088} = {FEF51ACC-31F2-41AC-B562-41F5C5988088}
		{817CECDD-9A82-4EA6-BC55-500462CFAE0A} = {817CECDD-9A82-4EA6-BC55-500462CFAE0A}
		{C22DAAE7-0044-4B19-A369-28DE8F2C661D} = {C22DAAE7-0044-4B19-A369-28DE8F2C661D}
		{07DA2CEA-0340-40C6-B389-357B69130815} = {07DA2CEA-0340-40C6-B389-357B69130815}
	EndProjectSection
EndProject
Project("{8BC9CEB8-8B4A-11D0-8D11-00A0C91BC942}") = "ObjectivelyMVC", "..\..\ObjectivelyMVC\ObjectivelyMVC.vs15\ObjectivelyMVC.vcxproj", "{AD4CEB0F-306E-4D57-B579-503239939766}"
	ProjectSection(ProjectDependencies) = postProject
		{3E6B97C6-1F51-4D72-BDFE-1D492F5EDA6C} = {3E6B97C6-1F51-4D72-BDFE-1D492F5EDA6C}
	EndProjectSection
EndProject
Project("{8BC9CEB8-8B4A-11D0-8D11-00A0C91BC942}") = "Objectively", "..\..\Objectively\Objectively.vs15\Objectively.vcxproj", "{3E6B97C6-1F51-4D72-BDFE-1D492F5EDA6C}"
EndProject
Project("{2150E333-8FDC-42A3-9474-1A3956D46DE8}") = "Items", "Items", "{88A4851C-1044-4F37-ADA4-CA4BB05FDF8C}"
	ProjectSection(SolutionItems) = preProject
		build_settings.props = build_settings.props
	EndProjectSection
EndProject
Project("{8BC9CEB8-8B4A-11D0-8D11-00A0C91BC942}") = "ai", "ai.vcxproj", "{6EBF61D4-CA15-4D8A-A957-7C9CF8A3E815}"
	ProjectSection(ProjectDependencies) = postProject
		{2F1C792E-6243-462B-AF0D-E2554E77D5C5} = {2F1C792E-6243-462B-AF0D-E2554E77D5C5}
		{B1E86937-5A7A-48F6-9DAB-A1D2900C3AE1} = {B1E86937-5A7A-48F6-9DAB-A1D2900C3AE1}
	EndProjectSection
EndProject
Project("{8BC9CEB8-8B4A-11D0-8D11-00A0C91BC942}") = "libparse", "libs\libparse.vcxproj", "{FEF51ACC-31F2-41AC-B562-41F5C5988088}"
EndProject
Global
	GlobalSection(Performance) = preSolution
		HasPerformanceSessions = true
	EndGlobalSection
	GlobalSection(SolutionConfigurationPlatforms) = preSolution
		Debug|Win32 = Debug|Win32
		Debug|x64 = Debug|x64
		Release|Win32 = Release|Win32
		Release|x64 = Release|x64
	EndGlobalSection
	GlobalSection(ProjectConfigurationPlatforms) = postSolution
		{A05CAC53-F8F2-4A14-9C81-8A34F4EA9085}.Debug|Win32.ActiveCfg = Debug|Win32
		{A05CAC53-F8F2-4A14-9C81-8A34F4EA9085}.Debug|Win32.Build.0 = Debug|Win32
		{A05CAC53-F8F2-4A14-9C81-8A34F4EA9085}.Debug|x64.ActiveCfg = Debug|x64
		{A05CAC53-F8F2-4A14-9C81-8A34F4EA9085}.Debug|x64.Build.0 = Debug|x64
		{A05CAC53-F8F2-4A14-9C81-8A34F4EA9085}.Release|Win32.ActiveCfg = Release|Win32
		{A05CAC53-F8F2-4A14-9C81-8A34F4EA9085}.Release|Win32.Build.0 = Release|Win32
		{A05CAC53-F8F2-4A14-9C81-8A34F4EA9085}.Release|x64.ActiveCfg = Release|x64
		{A05CAC53-F8F2-4A14-9C81-8A34F4EA9085}.Release|x64.Build.0 = Release|x64
		{99C2A2A7-35F3-4A06-AE2F-8B98DB2E4BFD}.Debug|Win32.ActiveCfg = Debug|Win32
		{99C2A2A7-35F3-4A06-AE2F-8B98DB2E4BFD}.Debug|Win32.Build.0 = Debug|Win32
		{99C2A2A7-35F3-4A06-AE2F-8B98DB2E4BFD}.Debug|x64.ActiveCfg = Debug|x64
		{99C2A2A7-35F3-4A06-AE2F-8B98DB2E4BFD}.Debug|x64.Build.0 = Debug|x64
		{99C2A2A7-35F3-4A06-AE2F-8B98DB2E4BFD}.Release|Win32.ActiveCfg = Release|Win32
		{99C2A2A7-35F3-4A06-AE2F-8B98DB2E4BFD}.Release|Win32.Build.0 = Release|Win32
		{99C2A2A7-35F3-4A06-AE2F-8B98DB2E4BFD}.Release|x64.ActiveCfg = Release|x64
		{99C2A2A7-35F3-4A06-AE2F-8B98DB2E4BFD}.Release|x64.Build.0 = Release|x64
		{2F1C792E-6243-462B-AF0D-E2554E77D5C5}.Debug|Win32.ActiveCfg = Debug|Win32
		{2F1C792E-6243-462B-AF0D-E2554E77D5C5}.Debug|Win32.Build.0 = Debug|Win32
		{2F1C792E-6243-462B-AF0D-E2554E77D5C5}.Debug|x64.ActiveCfg = Debug|x64
		{2F1C792E-6243-462B-AF0D-E2554E77D5C5}.Debug|x64.Build.0 = Debug|x64
		{2F1C792E-6243-462B-AF0D-E2554E77D5C5}.Release|Win32.ActiveCfg = Release|Win32
		{2F1C792E-6243-462B-AF0D-E2554E77D5C5}.Release|Win32.Build.0 = Release|Win32
		{2F1C792E-6243-462B-AF0D-E2554E77D5C5}.Release|x64.ActiveCfg = Release|x64
		{2F1C792E-6243-462B-AF0D-E2554E77D5C5}.Release|x64.Build.0 = Release|x64
		{C22DAAE7-0044-4B19-A369-28DE8F2C661D}.Debug|Win32.ActiveCfg = Debug|Win32
		{C22DAAE7-0044-4B19-A369-28DE8F2C661D}.Debug|Win32.Build.0 = Debug|Win32
		{C22DAAE7-0044-4B19-A369-28DE8F2C661D}.Debug|x64.ActiveCfg = Debug|x64
		{C22DAAE7-0044-4B19-A369-28DE8F2C661D}.Debug|x64.Build.0 = Debug|x64
		{C22DAAE7-0044-4B19-A369-28DE8F2C661D}.Release|Win32.ActiveCfg = Release|Win32
		{C22DAAE7-0044-4B19-A369-28DE8F2C661D}.Release|Win32.Build.0 = Release|Win32
		{C22DAAE7-0044-4B19-A369-28DE8F2C661D}.Release|x64.ActiveCfg = Release|x64
		{C22DAAE7-0044-4B19-A369-28DE8F2C661D}.Release|x64.Build.0 = Release|x64
		{E12CF546-A3C4-4C3F-AB70-073A4E0795DD}.Debug|Win32.ActiveCfg = Debug|Win32
		{E12CF546-A3C4-4C3F-AB70-073A4E0795DD}.Debug|Win32.Build.0 = Debug|Win32
		{E12CF546-A3C4-4C3F-AB70-073A4E0795DD}.Debug|x64.ActiveCfg = Debug|x64
		{E12CF546-A3C4-4C3F-AB70-073A4E0795DD}.Debug|x64.Build.0 = Debug|x64
		{E12CF546-A3C4-4C3F-AB70-073A4E0795DD}.Release|Win32.ActiveCfg = Release|Win32
		{E12CF546-A3C4-4C3F-AB70-073A4E0795DD}.Release|Win32.Build.0 = Release|Win32
		{E12CF546-A3C4-4C3F-AB70-073A4E0795DD}.Release|x64.ActiveCfg = Release|x64
		{E12CF546-A3C4-4C3F-AB70-073A4E0795DD}.Release|x64.Build.0 = Release|x64
		{08745142-6B9C-4CBC-97EC-F80415B9CBEA}.Debug|Win32.ActiveCfg = Debug|Win32
		{08745142-6B9C-4CBC-97EC-F80415B9CBEA}.Debug|Win32.Build.0 = Debug|Win32
		{08745142-6B9C-4CBC-97EC-F80415B9CBEA}.Debug|x64.ActiveCfg = Debug|x64
		{08745142-6B9C-4CBC-97EC-F80415B9CBEA}.Debug|x64.Build.0 = Debug|x64
		{08745142-6B9C-4CBC-97EC-F80415B9CBEA}.Release|Win32.ActiveCfg = Release|Win32
		{08745142-6B9C-4CBC-97EC-F80415B9CBEA}.Release|Win32.Build.0 = Release|Win32
		{08745142-6B9C-4CBC-97EC-F80415B9CBEA}.Release|x64.ActiveCfg = Release|x64
		{08745142-6B9C-4CBC-97EC-F80415B9CBEA}.Release|x64.Build.0 = Release|x64
		{978D57A2-1735-4CFC-BF47-795A87A71A87}.Debug|Win32.ActiveCfg = Debug|Win32
		{978D57A2-1735-4CFC-BF47-795A87A71A87}.Debug|Win32.Build.0 = Debug|Win32
		{978D57A2-1735-4CFC-BF47-795A87A71A87}.Debug|x64.ActiveCfg = Debug|x64
		{978D57A2-1735-4CFC-BF47-795A87A71A87}.Debug|x64.Build.0 = Debug|x64
		{978D57A2-1735-4CFC-BF47-795A87A71A87}.Release|Win32.ActiveCfg = Release|Win32
		{978D57A2-1735-4CFC-BF47-795A87A71A87}.Release|Win32.Build.0 = Release|Win32
		{978D57A2-1735-4CFC-BF47-795A87A71A87}.Release|x64.ActiveCfg = Release|x64
		{978D57A2-1735-4CFC-BF47-795A87A71A87}.Release|x64.Build.0 = Release|x64
		{61BE87B2-5E0B-43EF-AF67-A6561F929364}.Debug|Win32.ActiveCfg = Debug|Win32
		{61BE87B2-5E0B-43EF-AF67-A6561F929364}.Debug|Win32.Build.0 = Debug|Win32
		{61BE87B2-5E0B-43EF-AF67-A6561F929364}.Debug|x64.ActiveCfg = Debug|x64
		{61BE87B2-5E0B-43EF-AF67-A6561F929364}.Debug|x64.Build.0 = Debug|x64
		{61BE87B2-5E0B-43EF-AF67-A6561F929364}.Release|Win32.ActiveCfg = Release|Win32
		{61BE87B2-5E0B-43EF-AF67-A6561F929364}.Release|Win32.Build.0 = Release|Win32
		{61BE87B2-5E0B-43EF-AF67-A6561F929364}.Release|x64.ActiveCfg = Release|x64
		{61BE87B2-5E0B-43EF-AF67-A6561F929364}.Release|x64.Build.0 = Release|x64
		{6689D02E-8034-4D5F-804E-935D444AF5C8}.Debug|Win32.ActiveCfg = Debug|Win32
		{6689D02E-8034-4D5F-804E-935D444AF5C8}.Debug|Win32.Build.0 = Debug|Win32
		{6689D02E-8034-4D5F-804E-935D444AF5C8}.Debug|x64.ActiveCfg = Debug|x64
		{6689D02E-8034-4D5F-804E-935D444AF5C8}.Debug|x64.Build.0 = Debug|x64
		{6689D02E-8034-4D5F-804E-935D444AF5C8}.Release|Win32.ActiveCfg = Release|Win32
		{6689D02E-8034-4D5F-804E-935D444AF5C8}.Release|Win32.Build.0 = Release|Win32
		{6689D02E-8034-4D5F-804E-935D444AF5C8}.Release|x64.ActiveCfg = Release|x64
		{6689D02E-8034-4D5F-804E-935D444AF5C8}.Release|x64.Build.0 = Release|x64
		{5BE97B66-53B4-4521-A905-92AC882DC02C}.Debug|Win32.ActiveCfg = Debug|Win32
		{5BE97B66-53B4-4521-A905-92AC882DC02C}.Debug|Win32.Build.0 = Debug|Win32
		{5BE97B66-53B4-4521-A905-92AC882DC02C}.Debug|x64.ActiveCfg = Debug|x64
		{5BE97B66-53B4-4521-A905-92AC882DC02C}.Debug|x64.Build.0 = Debug|x64
		{5BE97B66-53B4-4521-A905-92AC882DC02C}.Release|Win32.ActiveCfg = Release|Win32
		{5BE97B66-53B4-4521-A905-92AC882DC02C}.Release|Win32.Build.0 = Release|Win32
		{5BE97B66-53B4-4521-A905-92AC882DC02C}.Release|x64.ActiveCfg = Release|x64
		{5BE97B66-53B4-4521-A905-92AC882DC02C}.Release|x64.Build.0 = Release|x64
		{817CECDD-9A82-4EA6-BC55-500462CFAE0A}.Debug|Win32.ActiveCfg = Debug|Win32
		{817CECDD-9A82-4EA6-BC55-500462CFAE0A}.Debug|Win32.Build.0 = Debug|Win32
		{817CECDD-9A82-4EA6-BC55-500462CFAE0A}.Debug|x64.ActiveCfg = Debug|x64
		{817CECDD-9A82-4EA6-BC55-500462CFAE0A}.Debug|x64.Build.0 = Debug|x64
		{817CECDD-9A82-4EA6-BC55-500462CFAE0A}.Release|Win32.ActiveCfg = Release|Win32
		{817CECDD-9A82-4EA6-BC55-500462CFAE0A}.Release|Win32.Build.0 = Release|Win32
		{817CECDD-9A82-4EA6-BC55-500462CFAE0A}.Release|x64.ActiveCfg = Release|x64
		{817CECDD-9A82-4EA6-BC55-500462CFAE0A}.Release|x64.Build.0 = Release|x64
		{76EBD445-3535-4652-BE8B-7DE4F03591CE}.Debug|Win32.ActiveCfg = Debug|Win32
		{76EBD445-3535-4652-BE8B-7DE4F03591CE}.Debug|Win32.Build.0 = Debug|Win32
		{76EBD445-3535-4652-BE8B-7DE4F03591CE}.Debug|x64.ActiveCfg = Debug|x64
		{76EBD445-3535-4652-BE8B-7DE4F03591CE}.Debug|x64.Build.0 = Debug|x64
		{76EBD445-3535-4652-BE8B-7DE4F03591CE}.Release|Win32.ActiveCfg = Release|Win32
		{76EBD445-3535-4652-BE8B-7DE4F03591CE}.Release|Win32.Build.0 = Release|Win32
		{76EBD445-3535-4652-BE8B-7DE4F03591CE}.Release|x64.ActiveCfg = Release|x64
		{76EBD445-3535-4652-BE8B-7DE4F03591CE}.Release|x64.Build.0 = Release|x64
		{07DA2CEA-0340-40C6-B389-357B69130815}.Debug|Win32.ActiveCfg = Debug|Win32
		{07DA2CEA-0340-40C6-B389-357B69130815}.Debug|Win32.Build.0 = Debug|Win32
		{07DA2CEA-0340-40C6-B389-357B69130815}.Debug|x64.ActiveCfg = Debug|x64
		{07DA2CEA-0340-40C6-B389-357B69130815}.Debug|x64.Build.0 = Debug|x64
		{07DA2CEA-0340-40C6-B389-357B69130815}.Release|Win32.ActiveCfg = Release|Win32
		{07DA2CEA-0340-40C6-B389-357B69130815}.Release|Win32.Build.0 = Release|Win32
		{07DA2CEA-0340-40C6-B389-357B69130815}.Release|x64.ActiveCfg = Release|x64
		{07DA2CEA-0340-40C6-B389-357B69130815}.Release|x64.Build.0 = Release|x64
		{856AA625-7037-4E67-8DA4-26BA59C2A9F2}.Debug|Win32.ActiveCfg = Debug|Win32
		{856AA625-7037-4E67-8DA4-26BA59C2A9F2}.Debug|Win32.Build.0 = Debug|Win32
		{856AA625-7037-4E67-8DA4-26BA59C2A9F2}.Debug|x64.ActiveCfg = Debug|x64
		{856AA625-7037-4E67-8DA4-26BA59C2A9F2}.Debug|x64.Build.0 = Debug|x64
		{856AA625-7037-4E67-8DA4-26BA59C2A9F2}.Release|Win32.ActiveCfg = Release|Win32
		{856AA625-7037-4E67-8DA4-26BA59C2A9F2}.Release|Win32.Build.0 = Release|Win32
		{856AA625-7037-4E67-8DA4-26BA59C2A9F2}.Release|x64.ActiveCfg = Release|x64
		{856AA625-7037-4E67-8DA4-26BA59C2A9F2}.Release|x64.Build.0 = Release|x64
		{F81FD692-5EA3-4A8D-BE83-7C33B9627017}.Debug|Win32.ActiveCfg = Debug|Win32
		{F81FD692-5EA3-4A8D-BE83-7C33B9627017}.Debug|Win32.Build.0 = Debug|Win32
		{F81FD692-5EA3-4A8D-BE83-7C33B9627017}.Debug|x64.ActiveCfg = Debug|x64
		{F81FD692-5EA3-4A8D-BE83-7C33B9627017}.Debug|x64.Build.0 = Debug|x64
		{F81FD692-5EA3-4A8D-BE83-7C33B9627017}.Release|Win32.ActiveCfg = Release|Win32
		{F81FD692-5EA3-4A8D-BE83-7C33B9627017}.Release|Win32.Build.0 = Release|Win32
		{F81FD692-5EA3-4A8D-BE83-7C33B9627017}.Release|x64.ActiveCfg = Release|x64
		{F81FD692-5EA3-4A8D-BE83-7C33B9627017}.Release|x64.Build.0 = Release|x64
		{EFD2B11D-5A11-43CC-AE87-DB2A2A050C05}.Debug|Win32.ActiveCfg = Debug|Win32
		{EFD2B11D-5A11-43CC-AE87-DB2A2A050C05}.Debug|Win32.Build.0 = Debug|Win32
		{EFD2B11D-5A11-43CC-AE87-DB2A2A050C05}.Debug|x64.ActiveCfg = Debug|x64
		{EFD2B11D-5A11-43CC-AE87-DB2A2A050C05}.Debug|x64.Build.0 = Debug|x64
		{EFD2B11D-5A11-43CC-AE87-DB2A2A050C05}.Release|Win32.ActiveCfg = Release|Win32
		{EFD2B11D-5A11-43CC-AE87-DB2A2A050C05}.Release|Win32.Build.0 = Release|Win32
		{EFD2B11D-5A11-43CC-AE87-DB2A2A050C05}.Release|x64.ActiveCfg = Release|x64
		{EFD2B11D-5A11-43CC-AE87-DB2A2A050C05}.Release|x64.Build.0 = Release|x64
		{3B26D4D9-B320-4D6F-B4D1-9A2487BBD0B3}.Debug|Win32.ActiveCfg = Debug|Win32
		{3B26D4D9-B320-4D6F-B4D1-9A2487BBD0B3}.Debug|Win32.Build.0 = Debug|Win32
		{3B26D4D9-B320-4D6F-B4D1-9A2487BBD0B3}.Debug|x64.ActiveCfg = Debug|x64
		{3B26D4D9-B320-4D6F-B4D1-9A2487BBD0B3}.Debug|x64.Build.0 = Debug|x64
		{3B26D4D9-B320-4D6F-B4D1-9A2487BBD0B3}.Release|Win32.ActiveCfg = Release|Win32
		{3B26D4D9-B320-4D6F-B4D1-9A2487BBD0B3}.Release|Win32.Build.0 = Release|Win32
		{3B26D4D9-B320-4D6F-B4D1-9A2487BBD0B3}.Release|x64.ActiveCfg = Release|x64
		{3B26D4D9-B320-4D6F-B4D1-9A2487BBD0B3}.Release|x64.Build.0 = Release|x64
		{C85EAFFF-BAD0-46C2-868C-982FE719263E}.Debug|Win32.ActiveCfg = Debug|Win32
		{C85EAFFF-BAD0-46C2-868C-982FE719263E}.Debug|Win32.Build.0 = Debug|Win32
		{C85EAFFF-BAD0-46C2-868C-982FE719263E}.Debug|x64.ActiveCfg = Debug|x64
		{C85EAFFF-BAD0-46C2-868C-982FE719263E}.Debug|x64.Build.0 = Debug|x64
		{C85EAFFF-BAD0-46C2-868C-982FE719263E}.Release|Win32.ActiveCfg = Release|Win32
		{C85EAFFF-BAD0-46C2-868C-982FE719263E}.Release|Win32.Build.0 = Release|Win32
		{C85EAFFF-BAD0-46C2-868C-982FE719263E}.Release|x64.ActiveCfg = Release|x64
		{C85EAFFF-BAD0-46C2-868C-982FE719263E}.Release|x64.Build.0 = Release|x64
		{C8CF2939-7614-4820-9CF5-B433456764D3}.Debug|Win32.ActiveCfg = Debug|Win32
		{C8CF2939-7614-4820-9CF5-B433456764D3}.Debug|Win32.Build.0 = Debug|Win32
		{C8CF2939-7614-4820-9CF5-B433456764D3}.Debug|x64.ActiveCfg = Debug|x64
		{C8CF2939-7614-4820-9CF5-B433456764D3}.Debug|x64.Build.0 = Debug|x64
		{C8CF2939-7614-4820-9CF5-B433456764D3}.Release|Win32.ActiveCfg = Release|Win32
		{C8CF2939-7614-4820-9CF5-B433456764D3}.Release|Win32.Build.0 = Release|Win32
		{C8CF2939-7614-4820-9CF5-B433456764D3}.Release|x64.ActiveCfg = Release|x64
		{C8CF2939-7614-4820-9CF5-B433456764D3}.Release|x64.Build.0 = Release|x64
		{B1E86937-5A7A-48F6-9DAB-A1D2900C3AE1}.Debug|Win32.ActiveCfg = Debug|Win32
		{B1E86937-5A7A-48F6-9DAB-A1D2900C3AE1}.Debug|Win32.Build.0 = Debug|Win32
		{B1E86937-5A7A-48F6-9DAB-A1D2900C3AE1}.Debug|x64.ActiveCfg = Debug|x64
		{B1E86937-5A7A-48F6-9DAB-A1D2900C3AE1}.Debug|x64.Build.0 = Debug|x64
		{B1E86937-5A7A-48F6-9DAB-A1D2900C3AE1}.Release|Win32.ActiveCfg = Release|Win32
		{B1E86937-5A7A-48F6-9DAB-A1D2900C3AE1}.Release|Win32.Build.0 = Release|Win32
		{B1E86937-5A7A-48F6-9DAB-A1D2900C3AE1}.Release|x64.ActiveCfg = Release|x64
		{B1E86937-5A7A-48F6-9DAB-A1D2900C3AE1}.Release|x64.Build.0 = Release|x64
		{A663B8E2-126D-45DA-B3F8-B381AB866E7D}.Debug|Win32.ActiveCfg = Debug|Win32
		{A663B8E2-126D-45DA-B3F8-B381AB866E7D}.Debug|Win32.Build.0 = Debug|Win32
		{A663B8E2-126D-45DA-B3F8-B381AB866E7D}.Debug|x64.ActiveCfg = Debug|x64
		{A663B8E2-126D-45DA-B3F8-B381AB866E7D}.Debug|x64.Build.0 = Debug|x64
		{A663B8E2-126D-45DA-B3F8-B381AB866E7D}.Release|Win32.ActiveCfg = Release|Win32
		{A663B8E2-126D-45DA-B3F8-B381AB866E7D}.Release|Win32.Build.0 = Release|Win32
		{A663B8E2-126D-45DA-B3F8-B381AB866E7D}.Release|x64.ActiveCfg = Release|x64
		{A663B8E2-126D-45DA-B3F8-B381AB866E7D}.Release|x64.Build.0 = Release|x64
		{A11F8826-C984-45ED-A335-AB616DEE1CCA}.Debug|Win32.ActiveCfg = Debug|Win32
		{A11F8826-C984-45ED-A335-AB616DEE1CCA}.Debug|Win32.Build.0 = Debug|Win32
		{A11F8826-C984-45ED-A335-AB616DEE1CCA}.Debug|x64.ActiveCfg = Debug|x64
		{A11F8826-C984-45ED-A335-AB616DEE1CCA}.Debug|x64.Build.0 = Debug|x64
		{A11F8826-C984-45ED-A335-AB616DEE1CCA}.Release|Win32.ActiveCfg = Release|Win32
		{A11F8826-C984-45ED-A335-AB616DEE1CCA}.Release|Win32.Build.0 = Release|Win32
		{A11F8826-C984-45ED-A335-AB616DEE1CCA}.Release|x64.ActiveCfg = Release|x64
		{A11F8826-C984-45ED-A335-AB616DEE1CCA}.Release|x64.Build.0 = Release|x64
		{082FC21A-6D83-4960-9C9E-5C4B71409E92}.Debug|Win32.ActiveCfg = Debug|Win32
		{082FC21A-6D83-4960-9C9E-5C4B71409E92}.Debug|Win32.Build.0 = Debug|Win32
		{082FC21A-6D83-4960-9C9E-5C4B71409E92}.Debug|x64.ActiveCfg = Debug|x64
		{082FC21A-6D83-4960-9C9E-5C4B71409E92}.Debug|x64.Build.0 = Debug|x64
		{082FC21A-6D83-4960-9C9E-5C4B71409E92}.Release|Win32.ActiveCfg = Release|Win32
		{082FC21A-6D83-4960-9C9E-5C4B71409E92}.Release|Win32.Build.0 = Release|Win32
		{082FC21A-6D83-4960-9C9E-5C4B71409E92}.Release|x64.ActiveCfg = Release|x64
		{082FC21A-6D83-4960-9C9E-5C4B71409E92}.Release|x64.Build.0 = Release|x64
		{990F298C-0B12-4792-8175-90370FD9358A}.Debug|Win32.ActiveCfg = Debug|Win32
		{990F298C-0B12-4792-8175-90370FD9358A}.Debug|Win32.Build.0 = Debug|Win32
		{990F298C-0B12-4792-8175-90370FD9358A}.Debug|x64.ActiveCfg = Debug|x64
		{990F298C-0B12-4792-8175-90370FD9358A}.Debug|x64.Build.0 = Debug|x64
		{990F298C-0B12-4792-8175-90370FD9358A}.Release|Win32.ActiveCfg = Release|Win32
		{990F298C-0B12-4792-8175-90370FD9358A}.Release|Win32.Build.0 = Release|Win32
		{990F298C-0B12-4792-8175-90370FD9358A}.Release|x64.ActiveCfg = Release|x64
		{990F298C-0B12-4792-8175-90370FD9358A}.Release|x64.Build.0 = Release|x64
		{AD4CEB0F-306E-4D57-B579-503239939766}.Debug|Win32.ActiveCfg = Debug|Win32
		{AD4CEB0F-306E-4D57-B579-503239939766}.Debug|Win32.Build.0 = Debug|Win32
		{AD4CEB0F-306E-4D57-B579-503239939766}.Debug|x64.ActiveCfg = Debug|x64
		{AD4CEB0F-306E-4D57-B579-503239939766}.Debug|x64.Build.0 = Debug|x64
		{AD4CEB0F-306E-4D57-B579-503239939766}.Release|Win32.ActiveCfg = Release|Win32
		{AD4CEB0F-306E-4D57-B579-503239939766}.Release|Win32.Build.0 = Release|Win32
		{AD4CEB0F-306E-4D57-B579-503239939766}.Release|x64.ActiveCfg = Release|x64
		{AD4CEB0F-306E-4D57-B579-503239939766}.Release|x64.Build.0 = Release|x64
		{3E6B97C6-1F51-4D72-BDFE-1D492F5EDA6C}.Debug|Win32.ActiveCfg = Debug|Win32
		{3E6B97C6-1F51-4D72-BDFE-1D492F5EDA6C}.Debug|Win32.Build.0 = Debug|Win32
		{3E6B97C6-1F51-4D72-BDFE-1D492F5EDA6C}.Debug|x64.ActiveCfg = Debug|x64
		{3E6B97C6-1F51-4D72-BDFE-1D492F5EDA6C}.Debug|x64.Build.0 = Debug|x64
		{3E6B97C6-1F51-4D72-BDFE-1D492F5EDA6C}.Release|Win32.ActiveCfg = Release|Win32
		{3E6B97C6-1F51-4D72-BDFE-1D492F5EDA6C}.Release|Win32.Build.0 = Release|Win32
		{3E6B97C6-1F51-4D72-BDFE-1D492F5EDA6C}.Release|x64.ActiveCfg = Release|x64
		{3E6B97C6-1F51-4D72-BDFE-1D492F5EDA6C}.Release|x64.Build.0 = Release|x64
		{6EBF61D4-CA15-4D8A-A957-7C9CF8A3E815}.Debug|Win32.ActiveCfg = Debug|Win32
		{6EBF61D4-CA15-4D8A-A957-7C9CF8A3E815}.Debug|Win32.Build.0 = Debug|Win32
		{6EBF61D4-CA15-4D8A-A957-7C9CF8A3E815}.Debug|x64.ActiveCfg = Debug|x64
		{6EBF61D4-CA15-4D8A-A957-7C9CF8A3E815}.Debug|x64.Build.0 = Debug|x64
		{6EBF61D4-CA15-4D8A-A957-7C9CF8A3E815}.Release|Win32.ActiveCfg = Release|Win32
		{6EBF61D4-CA15-4D8A-A957-7C9CF8A3E815}.Release|Win32.Build.0 = Release|Win32
		{6EBF61D4-CA15-4D8A-A957-7C9CF8A3E815}.Release|x64.ActiveCfg = Release|x64
		{6EBF61D4-CA15-4D8A-A957-7C9CF8A3E815}.Release|x64.Build.0 = Release|x64
		{FEF51ACC-31F2-41AC-B562-41F5C5988088}.Debug|Win32.ActiveCfg = Debug|Win32
		{FEF51ACC-31F2-41AC-B562-41F5C5988088}.Debug|Win32.Build.0 = Debug|Win32
		{FEF51ACC-31F2-41AC-B562-41F5C5988088}.Debug|x64.ActiveCfg = Debug|x64
		{FEF51ACC-31F2-41AC-B562-41F5C5988088}.Debug|x64.Build.0 = Debug|x64
		{FEF51ACC-31F2-41AC-B562-41F5C5988088}.Release|Win32.ActiveCfg = Release|Win32
		{FEF51ACC-31F2-41AC-B562-41F5C5988088}.Release|Win32.Build.0 = Release|Win32
		{FEF51ACC-31F2-41AC-B562-41F5C5988088}.Release|x64.ActiveCfg = Release|x64
		{FEF51ACC-31F2-41AC-B562-41F5C5988088}.Release|x64.Build.0 = Release|x64
	EndGlobalSection
	GlobalSection(SolutionProperties) = preSolution
		HideSolutionNode = FALSE
	EndGlobalSection
	GlobalSection(NestedProjects) = preSolution
		{99C2A2A7-35F3-4A06-AE2F-8B98DB2E4BFD} = {12075155-7B18-4525-885E-A2CCD24EFE04}
		{2F1C792E-6243-462B-AF0D-E2554E77D5C5} = {12075155-7B18-4525-885E-A2CCD24EFE04}
		{C22DAAE7-0044-4B19-A369-28DE8F2C661D} = {12075155-7B18-4525-885E-A2CCD24EFE04}
		{E12CF546-A3C4-4C3F-AB70-073A4E0795DD} = {12075155-7B18-4525-885E-A2CCD24EFE04}
		{08745142-6B9C-4CBC-97EC-F80415B9CBEA} = {12075155-7B18-4525-885E-A2CCD24EFE04}
		{978D57A2-1735-4CFC-BF47-795A87A71A87} = {12075155-7B18-4525-885E-A2CCD24EFE04}
		{61BE87B2-5E0B-43EF-AF67-A6561F929364} = {12075155-7B18-4525-885E-A2CCD24EFE04}
		{6689D02E-8034-4D5F-804E-935D444AF5C8} = {12075155-7B18-4525-885E-A2CCD24EFE04}
		{5BE97B66-53B4-4521-A905-92AC882DC02C} = {12075155-7B18-4525-885E-A2CCD24EFE04}
		{817CECDD-9A82-4EA6-BC55-500462CFAE0A} = {12075155-7B18-4525-885E-A2CCD24EFE04}
		{76EBD445-3535-4652-BE8B-7DE4F03591CE} = {8B8889A8-E646-4565-BF41-1AB31222BED4}
		{07DA2CEA-0340-40C6-B389-357B69130815} = {292F85BD-4894-4E36-8262-ABC8E75B11E7}
		{856AA625-7037-4E67-8DA4-26BA59C2A9F2} = {25250AAF-1B21-491C-A7D3-45C0D81839A6}
		{8B8889A8-E646-4565-BF41-1AB31222BED4} = {12075155-7B18-4525-885E-A2CCD24EFE04}
		{292F85BD-4894-4E36-8262-ABC8E75B11E7} = {12075155-7B18-4525-885E-A2CCD24EFE04}
		{25250AAF-1B21-491C-A7D3-45C0D81839A6} = {12075155-7B18-4525-885E-A2CCD24EFE04}
		{39B7FD8A-D56D-480C-BFF3-E0DCB1B151A7} = {12075155-7B18-4525-885E-A2CCD24EFE04}
		{4ABC6E3D-00E0-4F9E-9BCB-2257BFE840D5} = {12075155-7B18-4525-885E-A2CCD24EFE04}
		{F81FD692-5EA3-4A8D-BE83-7C33B9627017} = {4ABC6E3D-00E0-4F9E-9BCB-2257BFE840D5}
		{EFD2B11D-5A11-43CC-AE87-DB2A2A050C05} = {4ABC6E3D-00E0-4F9E-9BCB-2257BFE840D5}
		{3B26D4D9-B320-4D6F-B4D1-9A2487BBD0B3} = {4ABC6E3D-00E0-4F9E-9BCB-2257BFE840D5}
		{C85EAFFF-BAD0-46C2-868C-982FE719263E} = {4ABC6E3D-00E0-4F9E-9BCB-2257BFE840D5}
		{570EB326-F102-4C08-8B17-4C2B600BDAC7} = {12075155-7B18-4525-885E-A2CCD24EFE04}
		{B1E86937-5A7A-48F6-9DAB-A1D2900C3AE1} = {570EB326-F102-4C08-8B17-4C2B600BDAC7}
		{AD4CEB0F-306E-4D57-B579-503239939766} = {12075155-7B18-4525-885E-A2CCD24EFE04}
		{3E6B97C6-1F51-4D72-BDFE-1D492F5EDA6C} = {12075155-7B18-4525-885E-A2CCD24EFE04}
		{6EBF61D4-CA15-4D8A-A957-7C9CF8A3E815} = {39B7FD8A-D56D-480C-BFF3-E0DCB1B151A7}
		{FEF51ACC-31F2-41AC-B562-41F5C5988088} = {12075155-7B18-4525-885E-A2CCD24EFE04}
	EndGlobalSection
	GlobalSection(ExtensibilityGlobals) = postSolution
		SolutionGuid = {BF40EFDF-3DB6-4CA6-B381-7B9F0F608089}
	EndGlobalSection
	GlobalSection(Performance) = preSolution
		HasPerformanceSessions = true
	EndGlobalSection
	GlobalSection(Performance) = preSolution
		HasPerformanceSessions = true
	EndGlobalSection
	GlobalSection(Performance) = preSolution
		HasPerformanceSessions = true
	EndGlobalSection
	GlobalSection(Performance) = preSolution
		HasPerformanceSessions = true
	EndGlobalSection
	GlobalSection(Performance) = preSolution
		HasPerformanceSessions = true
	EndGlobalSection
	GlobalSection(Performance) = preSolution
		HasPerformanceSessions = true
	EndGlobalSection
	GlobalSection(Performance) = preSolution
		HasPerformanceSessions = true
	EndGlobalSection
EndGlobal
