<?xml version="1.0" encoding="utf-8"?>
<Project ToolsVersion="4.0" xmlns="http://schemas.microsoft.com/developer/msbuild/2003">
  <ItemGroup>
    <Filter Include="src">
      <UniqueIdentifier>{cdca1c1c-7c24-4ee5-928b-835763449a5a}</UniqueIdentifier>
    </Filter>
    <Filter Include="src\tools">
      <UniqueIdentifier>{76463c61-ac1a-46b1-beef-d4aa5db1e3b9}</UniqueIdentifier>
    </Filter>
    <Filter Include="src\tools\quetoo-update">
      <UniqueIdentifier>{5a1ca14d-ab66-4906-b879-c732ea55a90e}</UniqueIdentifier>
    </Filter>
  </ItemGroup>
  <ItemGroup>
    <Image Include="..\src\tools\quetoo-update\quetoo-update.ico">
      <Filter>src\tools\quetoo-update</Filter>
    </Image>
  </ItemGroup>
  <ItemGroup>
    <ResourceCompile Include="..\src\tools\quetoo-update\quetoo-update-icon.rc">
      <Filter>src\tools\quetoo-update</Filter>
    </ResourceCompile>
  </ItemGroup>
  <ItemGroup>
    <ClCompile Include="..\src\tools\quetoo-update\main.c">
      <Filter>src\tools\quetoo-update</Filter>
    </ClCompile>
  </ItemGroup>
</Project>