<?xml version="1.0" encoding="utf-8"?>
<Project ToolsVersion="4.0" xmlns="http://schemas.microsoft.com/developer/msbuild/2003">
  <ItemGroup>
    <Filter Include="src">
      <UniqueIdentifier>{3583a5f6-9733-4a0c-9019-f0da06fa5005}</UniqueIdentifier>
    </Filter>
    <Filter Include="src\ai">
      <UniqueIdentifier>{299f40f7-190a-4fee-9159-9516c16c5c3f}</UniqueIdentifier>
    </Filter>
  </ItemGroup>
  <ItemGroup>
    <ClInclude Include="..\..\src\ai\ai.h">
      <Filter>src\ai</Filter>
    </ClInclude>
    <ClInclude Include="..\..\src\ai\ai_goal.h">
      <Filter>src\ai</Filter>
    </ClInclude>
    <ClInclude Include="..\..\src\ai\ai_local.h">
      <Filter>src\ai</Filter>
    </ClInclude>
    <ClInclude Include="..\..\src\ai\ai_main.h">
      <Filter>src\ai</Filter>
    </ClInclude>
    <ClInclude Include="..\..\src\ai\ai_types.h">
      <Filter>src\ai</Filter>
    </ClInclude>
  </ItemGroup>
  <ItemGroup>
    <ClCompile Include="..\..\src\ai\ai_goal.c">
      <Filter>src\ai</Filter>
    </ClCompile>
    <ClCompile Include="..\..\src\ai\ai_main.c">
      <Filter>src\ai</Filter>
    </ClCompile>
  </ItemGroup>
</Project>