<?xml version="1.0" encoding="utf-8"?>
<Project ToolsVersion="4.0" xmlns="http://schemas.microsoft.com/developer/msbuild/2003">
  <ItemGroup>
    <Filter Include="src">
      <UniqueIdentifier>{3583a5f6-9733-4a0c-9019-f0da06fa5005}</UniqueIdentifier>
    </Filter>
  </ItemGroup>
  <ItemGroup>
    <ClInclude Include="..\..\src\client\cl_binds.h">
      <Filter>src</Filter>
    </ClInclude>
    <ClInclude Include="..\..\src\client\cl_cgame.h">
      <Filter>src</Filter>
    </ClInclude>
    <ClInclude Include="..\..\src\client\cl_cmd.h">
      <Filter>src</Filter>
    </ClInclude>
    <ClInclude Include="..\..\src\client\cl_console.h">
      <Filter>src</Filter>
    </ClInclude>
    <ClInclude Include="..\..\src\client\cl_demo.h">
      <Filter>src</Filter>
    </ClInclude>
    <ClInclude Include="..\..\src\client\cl_entity.h">
      <Filter>src</Filter>
    </ClInclude>
    <ClInclude Include="..\..\src\client\cl_input.h">
      <Filter>src</Filter>
    </ClInclude>
    <ClInclude Include="..\..\src\client\cl_keys.h">
      <Filter>src</Filter>
    </ClInclude>
    <ClInclude Include="..\..\src\client\cl_local.h">
      <Filter>src</Filter>
    </ClInclude>
    <ClInclude Include="..\..\src\client\cl_main.h">
      <Filter>src</Filter>
    </ClInclude>
    <ClInclude Include="..\..\src\client\cl_media.h">
      <Filter>src</Filter>
    </ClInclude>
    <ClInclude Include="..\..\src\client\cl_mouse.h">
      <Filter>src</Filter>
    </ClInclude>
    <ClInclude Include="..\..\src\client\cl_parse.h">
      <Filter>src</Filter>
    </ClInclude>
    <ClInclude Include="..\..\src\client\cl_predict.h">
      <Filter>src</Filter>
    </ClInclude>
    <ClInclude Include="..\..\src\client\cl_screen.h">
      <Filter>src</Filter>
    </ClInclude>
    <ClInclude Include="..\..\src\client\cl_server.h">
      <Filter>src</Filter>
    </ClInclude>
    <ClInclude Include="..\..\src\client\cl_types.h">
      <Filter>src</Filter>
    </ClInclude>
    <ClInclude Include="..\..\src\client\client.h">
      <Filter>src</Filter>
    </ClInclude>
    <ClInclude Include="..\..\src\client\cl_renderer.h">
      <Filter>src</Filter>
    </ClInclude>
    <ClInclude Include="..\..\src\client\cl_sound.h">
      <Filter>src</Filter>
    </ClInclude>
  </ItemGroup>
  <ItemGroup>
    <ClCompile Include="..\..\src\client\cl_cgame.c">
      <Filter>src</Filter>
    </ClCompile>
    <ClCompile Include="..\..\src\client\cl_cmd.c">
      <Filter>src</Filter>
    </ClCompile>
    <ClCompile Include="..\..\src\client\cl_console.c">
      <Filter>src</Filter>
    </ClCompile>
    <ClCompile Include="..\..\src\client\cl_demo.c">
      <Filter>src</Filter>
    </ClCompile>
    <ClCompile Include="..\..\src\client\cl_entity.c">
      <Filter>src</Filter>
    </ClCompile>
    <ClCompile Include="..\..\src\client\cl_input.c">
      <Filter>src</Filter>
    </ClCompile>
    <ClCompile Include="..\..\src\client\cl_keys.c">
      <Filter>src</Filter>
    </ClCompile>
    <ClCompile Include="..\..\src\client\cl_main.c">
      <Filter>src</Filter>
    </ClCompile>
    <ClCompile Include="..\..\src\client\cl_media.c">
      <Filter>src</Filter>
    </ClCompile>
    <ClCompile Include="..\..\src\client\cl_mouse.c">
      <Filter>src</Filter>
    </ClCompile>
    <ClCompile Include="..\..\src\client\cl_parse.c">
      <Filter>src</Filter>
    </ClCompile>
    <ClCompile Include="..\..\src\client\cl_predict.c">
      <Filter>src</Filter>
    </ClCompile>
    <ClCompile Include="..\..\src\client\cl_screen.c">
      <Filter>src</Filter>
    </ClCompile>
    <ClCompile Include="..\..\src\client\cl_server.c">
      <Filter>src</Filter>
    </ClCompile>
    <ClCompile Include="..\..\src\client\cl_renderer.c">
      <Filter>src</Filter>
    </ClCompile>
    <ClCompile Include="..\..\src\client\cl_sound.c">
      <Filter>src</Filter>
    </ClCompile>
  </ItemGroup>
</Project>