<?xml version="1.0" encoding="utf-8"?>
<Project ToolsVersion="4.0" xmlns="http://schemas.microsoft.com/developer/msbuild/2003">
  <ItemGroup>
    <Filter Include="src">
      <UniqueIdentifier>{3583a5f6-9733-4a0c-9019-f0da06fa5005}</UniqueIdentifier>
    </Filter>
    <Filter Include="src\common">
      <UniqueIdentifier>{08fc328d-7641-4f92-b19b-59520770635f}</UniqueIdentifier>
    </Filter>
    <Filter Include="src\net">
      <UniqueIdentifier>{b1d38693-7e12-45d0-bfbe-ca47f62e08ab}</UniqueIdentifier>
    </Filter>
  </ItemGroup>
  <ItemGroup>
    <ClCompile Include="..\..\src\common\atlas.c">
      <Filter>src\common</Filter>
    </ClCompile>
    <ClCompile Include="..\..\src\common\cmd.c">
      <Filter>src\common</Filter>
    </ClCompile>
    <ClCompile Include="..\..\src\common\common.c">
      <Filter>src\common</Filter>
    </ClCompile>
    <ClCompile Include="..\..\src\common\console.c">
      <Filter>src\common</Filter>
    </ClCompile>
    <ClCompile Include="..\..\src\common\cvar.c">
      <Filter>src\common</Filter>
    </ClCompile>
    <ClCompile Include="..\..\src\common\filesystem.c">
      <Filter>src\common</Filter>
    </ClCompile>
    <ClCompile Include="..\..\src\common\image.c">
      <Filter>src\common</Filter>
    </ClCompile>
    <ClCompile Include="..\..\src\common\installer.c">
      <Filter>src\common</Filter>
    </ClCompile>
    <ClCompile Include="..\..\src\common\mem.c">
      <Filter>src\common</Filter>
    </ClCompile>
    <ClCompile Include="..\..\src\common\mem_buf.c">
      <Filter>src\common</Filter>
    </ClCompile>
    <ClCompile Include="..\..\src\common\sys.c">
      <Filter>src\common</Filter>
    </ClCompile>
    <ClCompile Include="..\..\src\common\thread.c">
      <Filter>src\common</Filter>
    </ClCompile>
  </ItemGroup>
  <ItemGroup>
    <ClInclude Include="..\..\src\common\atlas.h">
      <Filter>src\common</Filter>
    </ClInclude>
    <ClInclude Include="..\..\src\common\cmd.h">
      <Filter>src\common</Filter>
    </ClInclude>
    <ClInclude Include="..\..\src\common\common.h">
      <Filter>src\common</Filter>
    </ClInclude>
    <ClInclude Include="..\..\src\common\console.h">
      <Filter>src\common</Filter>
    </ClInclude>
    <ClInclude Include="..\..\src\common\cvar.h">
      <Filter>src\common</Filter>
    </ClInclude>
    <ClInclude Include="..\..\src\common\files.h">
      <Filter>src\common</Filter>
    </ClInclude>
    <ClInclude Include="..\..\src\common\filesystem.h">
      <Filter>src\common</Filter>
    </ClInclude>
    <ClInclude Include="..\..\src\common\image.h">
      <Filter>src\common</Filter>
    </ClInclude>
    <ClInclude Include="..\..\src\common\installer.h">
      <Filter>src\common</Filter>
    </ClInclude>
    <ClInclude Include="..\..\src\common\mem.h">
      <Filter>src\common</Filter>
    </ClInclude>
    <ClInclude Include="..\..\src\common\mem_buf.h">
      <Filter>src\common</Filter>
    </ClInclude>
    <ClInclude Include="..\..\src\common\sys.h">
      <Filter>src\common</Filter>
    </ClInclude>
    <ClInclude Include="..\..\src\common\thread.h">
      <Filter>src\common</Filter>
    </ClInclude>
  </ItemGroup>
</Project>