<?xml version="1.0" encoding="utf-8"?>
<Project ToolsVersion="4.0" xmlns="http://schemas.microsoft.com/developer/msbuild/2003">
  <ItemGroup>
    <Filter Include="vs">
      <UniqueIdentifier>{1faf1301-d0d3-4df3-ba9b-d6cb5a175d81}</UniqueIdentifier>
    </Filter>
    <Filter Include="src">
      <UniqueIdentifier>{fdc66d56-c60f-41f4-9e2a-482e8362c59e}</UniqueIdentifier>
    </Filter>
    <Filter Include="src\shared">
      <UniqueIdentifier>{00f3b106-549d-427a-817b-286f55816ec6}</UniqueIdentifier>
    </Filter>
  </ItemGroup>
  <ItemGroup>
    <ClInclude Include="..\src\config.h">
      <Filter>vs</Filter>
    </ClInclude>
    <ClInclude Include="..\src\unistd.h">
      <Filter>vs</Filter>
    </ClInclude>
    <ClInclude Include="..\..\src\shared\color.h">
      <Filter>src\shared</Filter>
    </ClInclude>
    <ClInclude Include="..\..\src\shared\matrix.h">
      <Filter>src\shared</Filter>
    </ClInclude>
    <ClInclude Include="..\..\src\shared\parse.h">
      <Filter>src\shared</Filter>
    </ClInclude>
    <ClInclude Include="..\..\src\shared\shared.h">
      <Filter>src\shared</Filter>
    </ClInclude>
    <ClInclude Include="..\..\src\shared\swap.h">
      <Filter>src\shared</Filter>
    </ClInclude>
    <ClInclude Include="..\..\src\shared\vector.h">
      <Filter>src\shared</Filter>
    </ClInclude>
  </ItemGroup>
  <ItemGroup>
    <ClCompile Include="..\..\src\shared\color.c">
      <Filter>src\shared</Filter>
    </ClCompile>
    <ClCompile Include="..\..\src\shared\parse.c">
      <Filter>src\shared</Filter>
    </ClCompile>
    <ClCompile Include="..\..\src\shared\shared.c">
      <Filter>src\shared</Filter>
    </ClCompile>
    <ClCompile Include="..\..\src\shared\shared-anorms.c">
      <Filter>src\shared</Filter>
    </ClCompile>
    <ClCompile Include="..\..\src\shared\swap.c">
      <Filter>src\shared</Filter>
    </ClCompile>
  </ItemGroup>
</Project>