<?xml version="1.0" encoding="utf-8"?>
<Project ToolsVersion="4.0" xmlns="http://schemas.microsoft.com/developer/msbuild/2003">
  <ItemGroup>
    <Filter Include="src">
      <UniqueIdentifier>{fdc66d56-c60f-41f4-9e2a-482e8362c59e}</UniqueIdentifier>
    </Filter>
    <Filter Include="src\editor">
      <UniqueIdentifier>{e79a0750-db00-4f18-a415-1b09c9f034d0}</UniqueIdentifier>
    </Filter>
  </ItemGroup>
  <ItemGroup>
    <ClCompile Include="..\..\src\client\ui\QuetooRenderer.c">
      <Filter>src</Filter>
    </ClCompile>
    <ClCompile Include="..\..\src\client\ui\ui_data.c">
      <Filter>src</Filter>
    </ClCompile>
    <ClCompile Include="..\..\src\client\ui\ui_editor.c">
      <Filter>src</Filter>
    </ClCompile>
    <ClCompile Include="..\..\src\client\ui\ui_main.c">
      <Filter>src</Filter>
    </ClCompile>
    <ClCompile Include="..\..\src\client\ui\editor\EditorView.c">
      <Filter>src\editor</Filter>
    </ClCompile>
    <ClCompile Include="..\..\src\client\ui\editor\EditorViewController.c">
      <Filter>src\editor</Filter>
    </ClCompile>
  </ItemGroup>
  <ItemGroup>
    <ClInclude Include="..\..\src\client\ui\QuetooRenderer.h">
      <Filter>src</Filter>
    </ClInclude>
    <ClInclude Include="..\..\src\client\ui\ui.h">
      <Filter>src</Filter>
    </ClInclude>
    <ClInclude Include="..\..\src\client\ui\ui_data.h">
      <Filter>src</Filter>
    </ClInclude>
    <ClInclude Include="..\..\src\client\ui\ui_editor.h">
      <Filter>src</Filter>
    </ClInclude>
    <ClInclude Include="..\..\src\client\ui\ui_local.h">
      <Filter>src</Filter>
    </ClInclude>
    <ClInclude Include="..\..\src\client\ui\ui_main.h">
      <Filter>src</Filter>
    </ClInclude>
    <ClInclude Include="..\..\src\client\ui\ui_types.h">
      <Filter>src</Filter>
    </ClInclude>
    <ClInclude Include="..\..\src\client\ui\editor\EditorView.h">
      <Filter>src\editor</Filter>
    </ClInclude>
    <ClInclude Include="..\..\src\client\ui\editor\EditorViewController.h">
      <Filter>src\editor</Filter>
    </ClInclude>
  </ItemGroup>
</Project>