<?xml version="1.0" encoding="utf-8"?>
<Project ToolsVersion="4.0" xmlns="http://schemas.microsoft.com/developer/msbuild/2003">
  <ItemGroup>
    <Filter Include="pdcurses">
      <UniqueIdentifier>{f1d618c0-0253-4a49-9573-1a0503e9a688}</UniqueIdentifier>
    </Filter>
    <Filter Include="win32">
      <UniqueIdentifier>{c13faa60-d45d-4ce2-b836-ec24ca863813}</UniqueIdentifier>
    </Filter>
  </ItemGroup>
  <ItemGroup>
    <ClCompile Include="..\pdcurses\addch.c">
      <Filter>pdcurses</Filter>
    </ClCompile>
    <ClCompile Include="..\pdcurses\addchstr.c">
      <Filter>pdcurses</Filter>
    </ClCompile>
    <ClCompile Include="..\pdcurses\addstr.c">
      <Filter>pdcurses</Filter>
    </ClCompile>
    <ClCompile Include="..\pdcurses\attr.c">
      <Filter>pdcurses</Filter>
    </ClCompile>
    <ClCompile Include="..\pdcurses\beep.c">
      <Filter>pdcurses</Filter>
    </ClCompile>
    <ClCompile Include="..\pdcurses\bkgd.c">
      <Filter>pdcurses</Filter>
    </ClCompile>
    <ClCompile Include="..\pdcurses\border.c">
      <Filter>pdcurses</Filter>
    </ClCompile>
    <ClCompile Include="..\pdcurses\clear.c">
      <Filter>pdcurses</Filter>
    </ClCompile>
    <ClCompile Include="..\pdcurses\color.c">
      <Filter>pdcurses</Filter>
    </ClCompile>
    <ClCompile Include="..\pdcurses\debug.c">
      <Filter>pdcurses</Filter>
    </ClCompile>
    <ClCompile Include="..\pdcurses\delch.c">
      <Filter>pdcurses</Filter>
    </ClCompile>
    <ClCompile Include="..\pdcurses\deleteln.c">
      <Filter>pdcurses</Filter>
    </ClCompile>
    <ClCompile Include="..\pdcurses\deprec.c">
      <Filter>pdcurses</Filter>
    </ClCompile>
    <ClCompile Include="..\pdcurses\getch.c">
      <Filter>pdcurses</Filter>
    </ClCompile>
    <ClCompile Include="..\pdcurses\getstr.c">
      <Filter>pdcurses</Filter>
    </ClCompile>
    <ClCompile Include="..\pdcurses\getyx.c">
      <Filter>pdcurses</Filter>
    </ClCompile>
    <ClCompile Include="..\pdcurses\inch.c">
      <Filter>pdcurses</Filter>
    </ClCompile>
    <ClCompile Include="..\pdcurses\inchstr.c">
      <Filter>pdcurses</Filter>
    </ClCompile>
    <ClCompile Include="..\pdcurses\initscr.c">
      <Filter>pdcurses</Filter>
    </ClCompile>
    <ClCompile Include="..\pdcurses\inopts.c">
      <Filter>pdcurses</Filter>
    </ClCompile>
    <ClCompile Include="..\pdcurses\insch.c">
      <Filter>pdcurses</Filter>
    </ClCompile>
    <ClCompile Include="..\pdcurses\insstr.c">
      <Filter>pdcurses</Filter>
    </ClCompile>
    <ClCompile Include="..\pdcurses\instr.c">
      <Filter>pdcurses</Filter>
    </ClCompile>
    <ClCompile Include="..\pdcurses\kernel.c">
      <Filter>pdcurses</Filter>
    </ClCompile>
    <ClCompile Include="..\pdcurses\keyname.c">
      <Filter>pdcurses</Filter>
    </ClCompile>
    <ClCompile Include="..\pdcurses\mouse.c">
      <Filter>pdcurses</Filter>
    </ClCompile>
    <ClCompile Include="..\pdcurses\move.c">
      <Filter>pdcurses</Filter>
    </ClCompile>
    <ClCompile Include="..\pdcurses\outopts.c">
      <Filter>pdcurses</Filter>
    </ClCompile>
    <ClCompile Include="..\pdcurses\overlay.c">
      <Filter>pdcurses</Filter>
    </ClCompile>
    <ClCompile Include="..\pdcurses\pad.c">
      <Filter>pdcurses</Filter>
    </ClCompile>
    <ClCompile Include="..\pdcurses\panel.c">
      <Filter>pdcurses</Filter>
    </ClCompile>
    <ClCompile Include="..\pdcurses\printw.c">
      <Filter>pdcurses</Filter>
    </ClCompile>
    <ClCompile Include="..\pdcurses\refresh.c">
      <Filter>pdcurses</Filter>
    </ClCompile>
    <ClCompile Include="..\pdcurses\scanw.c">
      <Filter>pdcurses</Filter>
    </ClCompile>
    <ClCompile Include="..\pdcurses\scr_dump.c">
      <Filter>pdcurses</Filter>
    </ClCompile>
    <ClCompile Include="..\pdcurses\scroll.c">
      <Filter>pdcurses</Filter>
    </ClCompile>
    <ClCompile Include="..\pdcurses\slk.c">
      <Filter>pdcurses</Filter>
    </ClCompile>
    <ClCompile Include="..\pdcurses\termattr.c">
      <Filter>pdcurses</Filter>
    </ClCompile>
    <ClCompile Include="..\pdcurses\terminfo.c">
      <Filter>pdcurses</Filter>
    </ClCompile>
    <ClCompile Include="..\pdcurses\touch.c">
      <Filter>pdcurses</Filter>
    </ClCompile>
    <ClCompile Include="..\pdcurses\util.c">
      <Filter>pdcurses</Filter>
    </ClCompile>
    <ClCompile Include="..\pdcurses\window.c">
      <Filter>pdcurses</Filter>
    </ClCompile>
    <ClCompile Include="pdcclip.c">
      <Filter>win32</Filter>
    </ClCompile>
    <ClCompile Include="pdcdisp.c">
      <Filter>win32</Filter>
    </ClCompile>
    <ClCompile Include="pdcgetsc.c">
      <Filter>win32</Filter>
    </ClCompile>
    <ClCompile Include="pdckbd.c">
      <Filter>win32</Filter>
    </ClCompile>
    <ClCompile Include="pdcscrn.c">
      <Filter>win32</Filter>
    </ClCompile>
    <ClCompile Include="pdcsetsc.c">
      <Filter>win32</Filter>
    </ClCompile>
    <ClCompile Include="pdcutil.c">
      <Filter>win32</Filter>
    </ClCompile>
  </ItemGroup>
  <ItemGroup>
    <ClInclude Include="pdcwin.h">
      <Filter>win32</Filter>
    </ClInclude>
    <ClInclude Include="..\curses.h" />
    <ClInclude Include="..\curspriv.h" />
    <ClInclude Include="..\panel.h" />
    <ClInclude Include="..\term.h" />
  </ItemGroup>
</Project>